// !$*UTF8*$!
{
	archiveVersion = 1;
	classes = {
	};
	objectVersion = 77;
	objects = {

/* Begin PBXBuildFile section */
		035AF906A60D5C648325037D /* Message.swift in Sources */ = {isa = PBXBuildFile; fileRef = 5D0DD303F2FDFC63749C416E /* Message.swift */; };
		05C5C3C0C53F41963A074DF6 /* HelpCenterViewModel.swift in Sources */ = {isa = PBXBuildFile; fileRef = 32E109E11D237A4E33547F78 /* HelpCenterViewModel.swift */; };
		06FA33757D5E0313DDF9E107 /* GoogleSignIn in Frameworks */ = {isa = PBXBuildFile; productRef = C3386CA250B159ECD7F40B0E /* GoogleSignIn */; };
		09EFCEF31CBBEEBFCB4AF794 /* SecuritySummaryView.swift in Sources */ = {isa = PBXBuildFile; fileRef = DACE83ECA36D9B40D47CFB10 /* SecuritySummaryView.swift */; };
		0C749624F5BAC22F5A862D25 /* PrivacyAPIService.swift in Sources */ = {isa = PBXBuildFile; fileRef = 04CDE7F54F4143A5BEA9F9FD /* PrivacyAPIService.swift */; };
		0D71A393A1EC1B1A463747DD /* VendorFilterCatalog.swift in Sources */ = {isa = PBXBuildFile; fileRef = 06D3783A1E540184C23FFBCB /* VendorFilterCatalog.swift */; };
		0F63226601D20CD93B451A01 /* LocalizationManager.swift in Sources */ = {isa = PBXBuildFile; fileRef = B75225CF6A99480FD3355B95 /* LocalizationManager.swift */; };
		0F8295A16A8A1C6802FBE062 /* WeddingDocument.swift in Sources */ = {isa = PBXBuildFile; fileRef = BF0AC5ACCFB0AB7C79B8BBEC /* WeddingDocument.swift */; };
		10305721DC9DA4661AB7985A /* MoreSubpageLayout.swift in Sources */ = {isa = PBXBuildFile; fileRef = F13B8FEC38E36E63D02204BE /* MoreSubpageLayout.swift */; };
		10AB9FA04246BA92BF82D102 /* Inspiration.swift in Sources */ = {isa = PBXBuildFile; fileRef = 0D9F6C71F94963025F9C4F9B /* Inspiration.swift */; };
		13ED095999A234CBCE07C755 /* SharedDirectoryView.swift in Sources */ = {isa = PBXBuildFile; fileRef = 4429372149863DB95BDA137D /* SharedDirectoryView.swift */; };
		1418F57E349E1313D8DDD346 /* Envelope.swift in Sources */ = {isa = PBXBuildFile; fileRef = B3619889A92A2A17CD923A4B /* Envelope.swift */; };
		18B85273F3B08047F2F37E87 /* WeddingBudget.swift in Sources */ = {isa = PBXBuildFile; fileRef = 25C11B60AED301D45107514A /* WeddingBudget.swift */; };
		1ACCC8F69A1F7FBB96166B5D /* BudgetPaymentCategory.swift in Sources */ = {isa = PBXBuildFile; fileRef = 8F2D4C1A64170E6382C4D9D8 /* BudgetPaymentCategory.swift */; };
		1B8830B6DBF77584AF572B73 /* Vendor.swift in Sources */ = {isa = PBXBuildFile; fileRef = 37DECBA0D14DF64C4B0638DB /* Vendor.swift */; };
		1CF37640D1ACD5D7A3F2082F /* AppearanceSettingsViews.swift in Sources */ = {isa = PBXBuildFile; fileRef = AB6557AEAE5761C849181404 /* AppearanceSettingsViews.swift */; };
		1D4FBFC8AF8D4B6698BE4439 /* AppPermissionsViewModel.swift in Sources */ = {isa = PBXBuildFile; fileRef = 0B2A0935EC71D05B45C9BE67 /* AppPermissionsViewModel.swift */; };
		1F2A7E48617B0F6473D64382 /* PushNotificationManager.swift in Sources */ = {isa = PBXBuildFile; fileRef = 61FAA7A25E3A8C135810D011 /* PushNotificationManager.swift */; };
		20812FF6F08FAC741B0BDB5B /* OnboardingView.swift in Sources */ = {isa = PBXBuildFile; fileRef = F75D0A0B4D82B88E5F120266 /* OnboardingView.swift */; };
		210E2BC5463F92A217DA3C74 /* GoogleSignInService.swift in Sources */ = {isa = PBXBuildFile; fileRef = E2099A5B85E5688D984396C9 /* GoogleSignInService.swift */; };
		212039ED3B73E5FAC3091964 /* CoupleAvatarImage.swift in Sources */ = {isa = PBXBuildFile; fileRef = 593CDE1B148ACE38C2CD2AEB /* CoupleAvatarImage.swift */; };
		23378BE8B8E41D3AC2AE8434 /* CustomerPaymentMethod.swift in Sources */ = {isa = PBXBuildFile; fileRef = 332CE37C58326829BF4FF5AC /* CustomerPaymentMethod.swift */; };
		238A285D7943C53619E6D3AC /* TwoFactorSettingsView.swift in Sources */ = {isa = PBXBuildFile; fileRef = 574EE7BB43BCF0266A4905EA /* TwoFactorSettingsView.swift */; };
		2481D402E1F827BCB44B9EDD /* DeleteAccountView.swift in Sources */ = {isa = PBXBuildFile; fileRef = E4F0B49F04C81B013282C4F8 /* DeleteAccountView.swift */; };
		25AEAB62609A4939D23D93D0 /* WeddingInfo.swift in Sources */ = {isa = PBXBuildFile; fileRef = E4F18A592865524BFDADC440 /* WeddingInfo.swift */; };
		26009046ABE9B4778E63875F /* DetailChecklistView.swift in Sources */ = {isa = PBXBuildFile; fileRef = 231E37A2B9EDC80033B33221 /* DetailChecklistView.swift */; };
		2623B06B8BF9414B9AAB7A5B /* WeddingDetailView.swift in Sources */ = {isa = PBXBuildFile; fileRef = 1AC0978DEE3CCA1F954F7AE4 /* WeddingDetailView.swift */; };
		277BF04577A16A6613D98904 /* PrivacyModels.swift in Sources */ = {isa = PBXBuildFile; fileRef = 35B8D9CCD9F6C5B7ACEA7B06 /* PrivacyModels.swift */; };
		2A29818E1E3C109B4B9067DD /* GuestView.swift in Sources */ = {isa = PBXBuildFile; fileRef = 8AD2C9039C69CAABFCCF955A /* GuestView.swift */; };
		2C985EB7D28DF129C378F689 /* AboutContent.swift in Sources */ = {isa = PBXBuildFile; fileRef = F96C30225F48FB3402F222A0 /* AboutContent.swift */; };
		2D521145F418FAAA549BC1CE /* VendorCategoriesStore.swift in Sources */ = {isa = PBXBuildFile; fileRef = A371133D9E50C20C43062070 /* VendorCategoriesStore.swift */; };
		2DAAF7CBF51DFBBCF7BD4CB1 /* RemindersPreferencesView.swift in Sources */ = {isa = PBXBuildFile; fileRef = 793C7A2219A6C6F198B0C188 /* RemindersPreferencesView.swift */; };
		2F19080C49864A870E99936F /* LoginView.swift in Sources */ = {isa = PBXBuildFile; fileRef = AC6C65A5DCEC1768E8778404 /* LoginView.swift */; };
		2F39A82B786BD90CB0C27E6F /* HelpTopicArticlesView.swift in Sources */ = {isa = PBXBuildFile; fileRef = 9B0F41CBEC05C304B6987CE6 /* HelpTopicArticlesView.swift */; };
		2FCA7E6B56B447540F51A43E /* AddExpenseView.swift in Sources */ = {isa = PBXBuildFile; fileRef = BF3D4585344A162087FADF83 /* AddExpenseView.swift */; };
		326E45E67593920FD8F503B7 /* IncomingPaymentFlows.swift in Sources */ = {isa = PBXBuildFile; fileRef = 52660BF241E3B193D7DC01A8 /* IncomingPaymentFlows.swift */; };
		33C18E7B7352E5E1E59F845B /* FamilyMember.swift in Sources */ = {isa = PBXBuildFile; fileRef = 6E93DAFA60C7860E8699721B /* FamilyMember.swift */; };
		33E3C5CAA5934F2E9303FB8B /* SharedPrivacyModels.swift in Sources */ = {isa = PBXBuildFile; fileRef = 31E1E6AA1CC2C53DC2E65007 /* SharedPrivacyModels.swift */; };
		3568A6D235610963324830EA /* NotificationsSheet.swift in Sources */ = {isa = PBXBuildFile; fileRef = 2C24DCB0F7989B03AC84D85E /* NotificationsSheet.swift */; };
		38BB5382F2839095386568E1 /* SairaStencilOne-Regular.ttf in Resources */ = {isa = PBXBuildFile; fileRef = 05ABDF3CD9ECBD393E039710 /* SairaStencilOne-Regular.ttf */; };
		38E761E75F2255260509BB9F /* APIError.swift in Sources */ = {isa = PBXBuildFile; fileRef = 133726E37291C60910E4D29C /* APIError.swift */; };
		38F320E93AE9AB8B458882A6 /* HelpFAQView.swift in Sources */ = {isa = PBXBuildFile; fileRef = 6585DC9D7458D7BC9946F17B /* HelpFAQView.swift */; };
		3D93AFCC9CAE24A21FDB70C4 /* PrivacyPolicyContent.swift in Sources */ = {isa = PBXBuildFile; fileRef = FCD8134A6EDAA696F70B84FF /* PrivacyPolicyContent.swift */; };
		3F3851214712298DD7E11642 /* RegisterView.swift in Sources */ = {isa = PBXBuildFile; fileRef = 02770B7ECD82B4248458F711 /* RegisterView.swift */; };
		411F9292C67B87EDB391B239 /* TermsOfServiceView.swift in Sources */ = {isa = PBXBuildFile; fileRef = E17CCC3F0B99352CD9B385E4 /* TermsOfServiceView.swift */; };
		46673404CAC27EA6B10C2BBB /* Localizable.strings in Resources */ = {isa = PBXBuildFile; fileRef = F7B50ECFE3508CAEEE63D515 /* Localizable.strings */; };
		4B2334E360B905DA11715952 /* TermsOfServiceContent.swift in Sources */ = {isa = PBXBuildFile; fileRef = 03D045B66E37D82C4882CBB0 /* TermsOfServiceContent.swift */; };
		4C84D79AC810B920F86F596E /* BudgetComponents.swift in Sources */ = {isa = PBXBuildFile; fileRef = 6781C0FB527DA8A7A8AE446B /* BudgetComponents.swift */; };
		4CE7D1A5AAE110C09C4B3759 /* DataExportViewModel.swift in Sources */ = {isa = PBXBuildFile; fileRef = B58E90A8BF4BB82635ADD432 /* DataExportViewModel.swift */; };
		4D6445A35CF6A90A1CFC22A9 /* AppleSignInService.swift in Sources */ = {isa = PBXBuildFile; fileRef = 9A6958BA2413CA45DF2D3FD6 /* AppleSignInService.swift */; };
		4FF19C60045AE14C45CB909E /* MessagesView.swift in Sources */ = {isa = PBXBuildFile; fileRef = A4320310CC4658809C0147A4 /* MessagesView.swift */; };
		504640100EA6283D2381606B /* BudgetDefaults.swift in Sources */ = {isa = PBXBuildFile; fileRef = 08A737CF9E3DDD9F939BB702 /* BudgetDefaults.swift */; };
		541003C14387559244E46E2C /* DataVisibilityView.swift in Sources */ = {isa = PBXBuildFile; fileRef = 735939B4CB48A8853B24C263 /* DataVisibilityView.swift */; };
		55A6539D0B16FB4A72ADD780 /* WeddingDetailEditView.swift in Sources */ = {isa = PBXBuildFile; fileRef = F2B79086DC38F3F4C7B20A09 /* WeddingDetailEditView.swift */; };
		5607E0BFE440775648110E19 /* WeddingDocumentsView.swift in Sources */ = {isa = PBXBuildFile; fileRef = 7C406FB3B34D88718BD5896E /* WeddingDocumentsView.swift */; };
		56D7C034044589365761FC7F /* AppTheme.swift in Sources */ = {isa = PBXBuildFile; fileRef = B0D7053CD3852CB794DC77BB /* AppTheme.swift */; };
		5703C3DBE0F6066DDBF1352D /* SharedDirectoryViewModel.swift in Sources */ = {isa = PBXBuildFile; fileRef = C02E458DBC647AC26F3AE650 /* SharedDirectoryViewModel.swift */; };
		58B08EDABCD6B8DA5BDF3686 /* PremiumStore.swift in Sources */ = {isa = PBXBuildFile; fileRef = 8AE4E87A500F62B57F3406BB /* PremiumStore.swift */; };
		58D504153CA49D953C4CBFE5 /* PrivacySecurityViewModel.swift in Sources */ = {isa = PBXBuildFile; fileRef = CB2BB8B57966DC255F5D46E8 /* PrivacySecurityViewModel.swift */; };
		59FAA22B04A4EF49FC08B419 /* Poppins-SemiBold.ttf in Resources */ = {isa = PBXBuildFile; fileRef = 6485577B65E9B38A3ADC0AFC /* Poppins-SemiBold.ttf */; };
		5A554BD552A1C9E63050AE57 /* AboutWeddingAppView.swift in Sources */ = {isa = PBXBuildFile; fileRef = 4F8C255E3C4744D9A51D5A3F /* AboutWeddingAppView.swift */; };
		5A94199EAFEADBE76182E6B9 /* DateFormatters.swift in Sources */ = {isa = PBXBuildFile; fileRef = 2BC0C8F85F08E30963613F0F /* DateFormatters.swift */; };
		5AA318B8DC038A02B5F473BB /* InfoTabView.swift in Sources */ = {isa = PBXBuildFile; fileRef = 11DBA25AF9695A54AF27D61E /* InfoTabView.swift */; };
		5BF63053EE82881228F825A0 /* PrivacyPolicyView.swift in Sources */ = {isa = PBXBuildFile; fileRef = 3D802C9898428DA65375E7E3 /* PrivacyPolicyView.swift */; };
		5E50C8E32B2CB4CE86A09ABC /* Poppins-Medium.ttf in Resources */ = {isa = PBXBuildFile; fileRef = DB220400741C1B1D1B0B7989 /* Poppins-Medium.ttf */; };
		608A0FAC2042D5C5C88EAC28 /* VipGuest.swift in Sources */ = {isa = PBXBuildFile; fileRef = 597F9BE79E3AC0A7BABEB66F /* VipGuest.swift */; };
		6097B6059B2D7441EE99E827 /* Poppins-Bold.ttf in Resources */ = {isa = PBXBuildFile; fileRef = AB7B45237C490B6BB02C9224 /* Poppins-Bold.ttf */; };
		6371EEA5934F7DB22311F187 /* SharedUserDetailView.swift in Sources */ = {isa = PBXBuildFile; fileRef = 22C95187C506177C09AA7CBE /* SharedUserDetailView.swift */; };
		64A7219B76018E7201B3D0D0 /* AppPermissionsView.swift in Sources */ = {isa = PBXBuildFile; fileRef = 2B0F9F2299000C7AF7376126 /* AppPermissionsView.swift */; };
		65ACC69D49DB8F1B9538E924 /* TrustedDevicesView.swift in Sources */ = {isa = PBXBuildFile; fileRef = 5A9EB7E2F78744B5EC3517B3 /* TrustedDevicesView.swift */; };
		6844525DBF53D4CE326F5545 /* ChecklistSummary.swift in Sources */ = {isa = PBXBuildFile; fileRef = ED3F1528FD6B343CCFA0874E /* ChecklistSummary.swift */; };
		68C741D98BC64CC27D2E6870 /* GuestExcelImportResult.swift in Sources */ = {isa = PBXBuildFile; fileRef = 80CE4E433DCF2065DA4BF1AD /* GuestExcelImportResult.swift */; };
		697AA0B21EDA4EBBCA04D6BC /* APIConfig.swift in Sources */ = {isa = PBXBuildFile; fileRef = BDFCF8C5FAA8E51366CE40B3 /* APIConfig.swift */; };
		6B4F02E9BACF09F01A80CB08 /* Assets.xcassets in Resources */ = {isa = PBXBuildFile; fileRef = 572F06071E523ED69487AB40 /* Assets.xcassets */; };
		6CE28BD7F9022D00CF384D8C /* ActiveSessionsView.swift in Sources */ = {isa = PBXBuildFile; fileRef = 6BE01B749F5977235AC0E88C /* ActiveSessionsView.swift */; };
		7183263BD10CBB6F4DD55E3F /* DashboardView.swift in Sources */ = {isa = PBXBuildFile; fileRef = 132DC1579D81BF788964DE9E /* DashboardView.swift */; };
		777FF37D6C2B0A16AD05DA25 /* GuestExportShareView.swift in Sources */ = {isa = PBXBuildFile; fileRef = BE9329D7C13F2C09A7475B1A /* GuestExportShareView.swift */; };
		7ADFD36259486DC5C68AF535 /* BudgetCategoriesStore.swift in Sources */ = {isa = PBXBuildFile; fileRef = BBBBDD4AD1FB39A13A487006 /* BudgetCategoriesStore.swift */; };
		7AEBBFA8F4CAE02008531BF7 /* Poppins-Regular.ttf in Resources */ = {isa = PBXBuildFile; fileRef = E37E72152E136EB6B8D1A465 /* Poppins-Regular.ttf */; };
		7CED7635877E4AD2D4C580F0 /* WeddingBudgetSummary.swift in Sources */ = {isa = PBXBuildFile; fileRef = 009968D02C5B301C4B53A74C /* WeddingBudgetSummary.swift */; };
		81A2D9B28855CE712FFAB1D9 /* BudgetView.swift in Sources */ = {isa = PBXBuildFile; fileRef = 17291C4B3BE6AEF88E8FDCE9 /* BudgetView.swift */; };
		85066D7C482FBF24F94AD35E /* SessionStore.swift in Sources */ = {isa = PBXBuildFile; fileRef = E0C8AF2F077E3E91DEA53164 /* SessionStore.swift */; };
		85F7C03FFFE9BBE22D9FE0DD /* AuthComponents.swift in Sources */ = {isa = PBXBuildFile; fileRef = D6798143AC0A1EDB41E90A7B /* AuthComponents.swift */; };
		871508C61B81317925A58F04 /* DataVisibilityViewModel.swift in Sources */ = {isa = PBXBuildFile; fileRef = 35B50AA17785DD7CD8CC2512 /* DataVisibilityViewModel.swift */; };
		8A1159BAD811F529440B6319 /* ActiveSession.swift in Sources */ = {isa = PBXBuildFile; fileRef = CE25724F887EAC0E78AEA89C /* ActiveSession.swift */; };
		8A45C02E7BD5E4B15A26616A /* SharedPrivacyRepository.swift in Sources */ = {isa = PBXBuildFile; fileRef = 137A9C1C1B40C6827605CF06 /* SharedPrivacyRepository.swift */; };
		8ABDFBFB73F1C94BDA30B7ED /* EventListView.swift in Sources */ = {isa = PBXBuildFile; fileRef = 21E78B3E8A14118A5F4A8299 /* EventListView.swift */; };
		8AF15BBD764E1DC0B8490BE6 /* PrivacyRepository.swift in Sources */ = {isa = PBXBuildFile; fileRef = E6D943A9DBB65EEF8E543E55 /* PrivacyRepository.swift */; };
		8E8BD989EEDD88CB0F7BCE4D /* BudgetCategory.swift in Sources */ = {isa = PBXBuildFile; fileRef = 8EF1EF74D6E80C28D3DF8CEC /* BudgetCategory.swift */; };
		8F029C1BBBADF2050AA7169D /* VendorDetailView.swift in Sources */ = {isa = PBXBuildFile; fileRef = A1AF956B4117204E2C03178F /* VendorDetailView.swift */; };
		9006D4118ED7872EF26354FC /* SplashScreenView.swift in Sources */ = {isa = PBXBuildFile; fileRef = 526F0880C7D1B0AF445636E9 /* SplashScreenView.swift */; };
		901BBA272B9F947BA7939342 /* SavedVendorsView.swift in Sources */ = {isa = PBXBuildFile; fileRef = B9D2428C547A82B0A49FA89F /* SavedVendorsView.swift */; };
		90A735AFE7FAEF924C2A4FE7 /* LaunchScreen.storyboard in Resources */ = {isa = PBXBuildFile; fileRef = 971FF8A8171E9D972A3A746E /* LaunchScreen.storyboard */; };
		90CA1E052C314E520C791A8F /* AppearanceStore.swift in Sources */ = {isa = PBXBuildFile; fileRef = 6FD6DC7A8E527EA104DB3FE7 /* AppearanceStore.swift */; };
		91CC10CB78BBA17F0D2745A5 /* BudgetPaymentFlows.swift in Sources */ = {isa = PBXBuildFile; fileRef = 7419D2082AB21BE0E69718B6 /* BudgetPaymentFlows.swift */; };
		930E0BC7C68B50C5E0F52A95 /* MoreView.swift in Sources */ = {isa = PBXBuildFile; fileRef = 0999072473E2F9FD2AD577D0 /* MoreView.swift */; };
		934F5B80A83049FBD3BB5F56 /* WeddingAppApp.swift in Sources */ = {isa = PBXBuildFile; fileRef = 828DBA56CBCC51CA03F24D8C /* WeddingAppApp.swift */; };
		939B8E224FBFB7F8108B09B1 /* CoupleView.swift in Sources */ = {isa = PBXBuildFile; fileRef = 52DE810C73DE1D501791D578 /* CoupleView.swift */; };
		93F7CC45289D4A61A8F41B4A /* SavedItemsStore.swift in Sources */ = {isa = PBXBuildFile; fileRef = AD1B3A1E1B94C70FB8398B22 /* SavedItemsStore.swift */; };
		94D45A4AAC9F27B7F02BDE7A /* PaywallView.swift in Sources */ = {isa = PBXBuildFile; fileRef = FD7CDB2002DE4A17BECAA111 /* PaywallView.swift */; };
		969666756A35079C4E8C30AA /* CormorantGaramond.ttf in Resources */ = {isa = PBXBuildFile; fileRef = 90831799F7F7B3032F1F9B8F /* CormorantGaramond.ttf */; };
		969E2065936958F281BA43AE /* AuthLoginReference.swift in Sources */ = {isa = PBXBuildFile; fileRef = 14FF07327EA7AC96AF72845E /* AuthLoginReference.swift */; };
		9733A9706BD6D0F6F2414921 /* AppFont.swift in Sources */ = {isa = PBXBuildFile; fileRef = 23A25D10DD84D74B4AA1F646 /* AppFont.swift */; };
		9853A72C9DD97BF33809FF8F /* PackageFacilitiesView.swift in Sources */ = {isa = PBXBuildFile; fileRef = 0A024004DC72691427E1F422 /* PackageFacilitiesView.swift */; };
		9B2E713BC327E9867778244E /* SharedUserDetailViewModel.swift in Sources */ = {isa = PBXBuildFile; fileRef = 7C0DB1E4DE8BA273AA0CBD52 /* SharedUserDetailViewModel.swift */; };
		9D8E7C12D05E09DE0E67C21A /* BillingProduct.swift in Sources */ = {isa = PBXBuildFile; fileRef = 7A2A4DA36E8B4B3559ED00D1 /* BillingProduct.swift */; };
		9ED5DD10B6D67676CED00934 /* APIResolver.swift in Sources */ = {isa = PBXBuildFile; fileRef = E4E660571E75C7DECA684F10 /* APIResolver.swift */; };
		9F090550A10C3895927788E7 /* IndonesiaRegionsStore.swift in Sources */ = {isa = PBXBuildFile; fileRef = F9129EF3C2E5BB8D4637C985 /* IndonesiaRegionsStore.swift */; };
		A00E5DE371043E12D3554F79 /* HelpContactViews.swift in Sources */ = {isa = PBXBuildFile; fileRef = ABFFAA8AC45DF6119A8761D2 /* HelpContactViews.swift */; };
		A36215D88F1FC15586E95775 /* TwoFactorViewModel.swift in Sources */ = {isa = PBXBuildFile; fileRef = 3AA6DCB067FACE1CC365EFAD /* TwoFactorViewModel.swift */; };
		A8AD5EF64ADD889E91FDCA0B /* BudgetCategoryAllocation.swift in Sources */ = {isa = PBXBuildFile; fileRef = EFD2FCFF3605BFCB0E9B5601 /* BudgetCategoryAllocation.swift */; };
		A969A747AD436E4DE7BEF466 /* PreparationTask.swift in Sources */ = {isa = PBXBuildFile; fileRef = E5991A37E37A82DCABA7294C /* PreparationTask.swift */; };
		AB002054C6F0267D97E2DB53 /* Guest.swift in Sources */ = {isa = PBXBuildFile; fileRef = 6CCD85018A621401946D41EB /* Guest.swift */; };
		AB5C0AFC588259ADEE131F12 /* HelpContent.swift in Sources */ = {isa = PBXBuildFile; fileRef = B08C17F2438509535F6C1A17 /* HelpContent.swift */; };
		AD317EE1E0DD5B9BBBB301BD /* WeddingEvent.swift in Sources */ = {isa = PBXBuildFile; fileRef = CA7CCFD316971D1D35A0FE8A /* WeddingEvent.swift */; };
		B12049ECAB9092D171AFBEED /* RootView.swift in Sources */ = {isa = PBXBuildFile; fileRef = EC274742DFC3A894FD5A01C5 /* RootView.swift */; };
		B647604312E24F174AF13BC9 /* HelpCenterAPIView.swift in Sources */ = {isa = PBXBuildFile; fileRef = FB6BE745BA400F2D6115FDDB /* HelpCenterAPIView.swift */; };
		BB264A2C6090E53167473204 /* WeddingQuote.swift in Sources */ = {isa = PBXBuildFile; fileRef = 73BFBBCEA4B0B78151C63E79 /* WeddingQuote.swift */; };
		BB4633D1EB3FFAFF722558ED /* LanguageSettingsView.swift in Sources */ = {isa = PBXBuildFile; fileRef = D76A03AFB8EF72E352978F31 /* LanguageSettingsView.swift */; };
		C2FC5E2C66A805A40D5A77E1 /* CustomerNotification.swift in Sources */ = {isa = PBXBuildFile; fileRef = A5006C0C2DDA829C807BE236 /* CustomerNotification.swift */; };
		C580E6ABB0C8110F1E29C3F6 /* LuxuryWeddingBackground.swift in Sources */ = {isa = PBXBuildFile; fileRef = B5C3FC5964802FB1C13461BE /* LuxuryWeddingBackground.swift */; };
		C5DF0FBC6395881BE53D02C4 /* GuestContactLinker.swift in Sources */ = {isa = PBXBuildFile; fileRef = 533FF60D7EC9C432A96F0682 /* GuestContactLinker.swift */; };
		C83C8E4025E38542D6043758 /* DataExportView.swift in Sources */ = {isa = PBXBuildFile; fileRef = 3F2E1E70A6F0FBC009D57C52 /* DataExportView.swift */; };
		C9929B468D6771780ECB521E /* GuestDetailSheet.swift in Sources */ = {isa = PBXBuildFile; fileRef = D985BCAD1E359A25613FB004 /* GuestDetailSheet.swift */; };
		C9F489942CF04EE37C4CDD5B /* CultureSelection.swift in Sources */ = {isa = PBXBuildFile; fileRef = D77FD1DE5D8B09D3C6412019 /* CultureSelection.swift */; };
		CBC2D1A061152FA6A8A42A83 /* SharedPrivacyAPIService.swift in Sources */ = {isa = PBXBuildFile; fileRef = BD2037980855E8263CD78091 /* SharedPrivacyAPIService.swift */; };
		CF00DD9220D1443B58F0D379 /* StatusBarBlur.swift in Sources */ = {isa = PBXBuildFile; fileRef = 263D47DCFC4217D8D018C526 /* StatusBarBlur.swift */; };
		CF350FF80683674DAB34B691 /* PrivacyInfo.xcprivacy in Resources */ = {isa = PBXBuildFile; fileRef = 534C089B07685E8E3EEBC243 /* PrivacyInfo.xcprivacy */; };
		D16BCE36DA8550BE0CB7748A /* Products.storekit in Resources */ = {isa = PBXBuildFile; fileRef = 2D048B0466FEE8CD9E93A4B4 /* Products.storekit */; };
		D40372828EAD8C23C7A28DB0 /* IncomingPayment.swift in Sources */ = {isa = PBXBuildFile; fileRef = D0ACB983947A33577652C7C9 /* IncomingPayment.swift */; };
		D7721D174673141D9314AE7C /* EditProfileView.swift in Sources */ = {isa = PBXBuildFile; fileRef = DAC655EA134C7DCB2893567A /* EditProfileView.swift */; };
		D86BEA58AF017CF10F06C9BA /* SettingsView.swift in Sources */ = {isa = PBXBuildFile; fileRef = D408E828EBBD5F286246A311 /* SettingsView.swift */; };
		DC4656380A83A5877D1F07A7 /* BillingEntitlement.swift in Sources */ = {isa = PBXBuildFile; fileRef = 75AC5CE6360E674F9AB04BC8 /* BillingEntitlement.swift */; };
		DD5A63251536426E75551075 /* InspirationView.swift in Sources */ = {isa = PBXBuildFile; fileRef = 5E504F470302D80533488281 /* InspirationView.swift */; };
		DEFBA832267F8E79C8F8EF06 /* ChecklistView.swift in Sources */ = {isa = PBXBuildFile; fileRef = D807FF94849263D9B3B62E85 /* ChecklistView.swift */; };
		DF3634BB65A1ADAAA3D6EE8B /* APIClient.swift in Sources */ = {isa = PBXBuildFile; fileRef = 4E57979FBEA0C155CE8EDFA9 /* APIClient.swift */; };
		E1CBB44A85F8E5B90AE4060B /* SavedInspirationView.swift in Sources */ = {isa = PBXBuildFile; fileRef = C02D458890E7FE88F7447B6D /* SavedInspirationView.swift */; };
		E268E61073CC3BD0BBABE273 /* User.swift in Sources */ = {isa = PBXBuildFile; fileRef = 2A276F84CAD304FBC4CC5011 /* User.swift */; };
		E407FF1D04680A373745866F /* PaymentSchedule.swift in Sources */ = {isa = PBXBuildFile; fileRef = 3B48DDF80072FF58C7291561 /* PaymentSchedule.swift */; };
		E4A8CE18134DC529D97C428C /* KeychainStore.swift in Sources */ = {isa = PBXBuildFile; fileRef = 50F98766A9F27330C7919FAF /* KeychainStore.swift */; };
		E515E435A569F986D8655135 /* CategoryAllocationFlows.swift in Sources */ = {isa = PBXBuildFile; fileRef = 765DE1B59BF4781EF9F08735 /* CategoryAllocationFlows.swift */; };
		E54C730A79BA787EE16DB38D /* TrustedDevicesViewModel.swift in Sources */ = {isa = PBXBuildFile; fileRef = F043F71005380D96B3ED208E /* TrustedDevicesViewModel.swift */; };
		E6243333B0A036BF384C0D7A /* AddPaymentMethodView.swift in Sources */ = {isa = PBXBuildFile; fileRef = 9E0839892BE330809B179C97 /* AddPaymentMethodView.swift */; };
		E68D56F469DF2C8A699EEC5F /* L10n.swift in Sources */ = {isa = PBXBuildFile; fileRef = A0A2E132C88C14749D204C78 /* L10n.swift */; };
		E6A7C39E57F99FB5658F78D4 /* ChangePasswordView.swift in Sources */ = {isa = PBXBuildFile; fileRef = A513CA3D1C83146F33CDE247 /* ChangePasswordView.swift */; };
		E6D1138B5B9C76A2697C4EE4 /* VendorView.swift in Sources */ = {isa = PBXBuildFile; fileRef = A3E2B1F6CB207E402D70B466 /* VendorView.swift */; };
		EB0492B4BD42CCAB193E7E3B /* LanguageStore.swift in Sources */ = {isa = PBXBuildFile; fileRef = C3AECF4F64C65DE5DB454105 /* LanguageStore.swift */; };
		F892312E5FF478CEC0B87DFC /* PrivacySecurityView.swift in Sources */ = {isa = PBXBuildFile; fileRef = 463B7B02EAA92D28939FF73E /* PrivacySecurityView.swift */; };
		FDE916C6E1742284F6FC2714 /* DeviceIdentity.swift in Sources */ = {isa = PBXBuildFile; fileRef = B4C66B3B97AEAEFEDCAF33F8 /* DeviceIdentity.swift */; };
/* End PBXBuildFile section */

/* Begin PBXFileReference section */
		009968D02C5B301C4B53A74C /* WeddingBudgetSummary.swift */ = {isa = PBXFileReference; lastKnownFileType = sourcecode.swift; path = WeddingBudgetSummary.swift; sourceTree = "<group>"; };
		02770B7ECD82B4248458F711 /* RegisterView.swift */ = {isa = PBXFileReference; lastKnownFileType = sourcecode.swift; path = RegisterView.swift; sourceTree = "<group>"; };
		03D045B66E37D82C4882CBB0 /* TermsOfServiceContent.swift */ = {isa = PBXFileReference; lastKnownFileType = sourcecode.swift; path = TermsOfServiceContent.swift; sourceTree = "<group>"; };
		04CDE7F54F4143A5BEA9F9FD /* PrivacyAPIService.swift */ = {isa = PBXFileReference; lastKnownFileType = sourcecode.swift; path = PrivacyAPIService.swift; sourceTree = "<group>"; };
		05ABDF3CD9ECBD393E039710 /* SairaStencilOne-Regular.ttf */ = {isa = PBXFileReference; lastKnownFileType = file; path = "SairaStencilOne-Regular.ttf"; sourceTree = "<group>"; };
		06D3783A1E540184C23FFBCB /* VendorFilterCatalog.swift */ = {isa = PBXFileReference; lastKnownFileType = sourcecode.swift; path = VendorFilterCatalog.swift; sourceTree = "<group>"; };
		08A737CF9E3DDD9F939BB702 /* BudgetDefaults.swift */ = {isa = PBXFileReference; lastKnownFileType = sourcecode.swift; path = BudgetDefaults.swift; sourceTree = "<group>"; };
		0999072473E2F9FD2AD577D0 /* MoreView.swift */ = {isa = PBXFileReference; lastKnownFileType = sourcecode.swift; path = MoreView.swift; sourceTree = "<group>"; };
		0A024004DC72691427E1F422 /* PackageFacilitiesView.swift */ = {isa = PBXFileReference; lastKnownFileType = sourcecode.swift; path = PackageFacilitiesView.swift; sourceTree = "<group>"; };
		0B2A0935EC71D05B45C9BE67 /* AppPermissionsViewModel.swift */ = {isa = PBXFileReference; lastKnownFileType = sourcecode.swift; path = AppPermissionsViewModel.swift; sourceTree = "<group>"; };
		0D9F6C71F94963025F9C4F9B /* Inspiration.swift */ = {isa = PBXFileReference; lastKnownFileType = sourcecode.swift; path = Inspiration.swift; sourceTree = "<group>"; };
		11DBA25AF9695A54AF27D61E /* InfoTabView.swift */ = {isa = PBXFileReference; lastKnownFileType = sourcecode.swift; path = InfoTabView.swift; sourceTree = "<group>"; };
		132DC1579D81BF788964DE9E /* DashboardView.swift */ = {isa = PBXFileReference; lastKnownFileType = sourcecode.swift; path = DashboardView.swift; sourceTree = "<group>"; };
		133726E37291C60910E4D29C /* APIError.swift */ = {isa = PBXFileReference; lastKnownFileType = sourcecode.swift; path = APIError.swift; sourceTree = "<group>"; };
		137A9C1C1B40C6827605CF06 /* SharedPrivacyRepository.swift */ = {isa = PBXFileReference; lastKnownFileType = sourcecode.swift; path = SharedPrivacyRepository.swift; sourceTree = "<group>"; };
		14FF07327EA7AC96AF72845E /* AuthLoginReference.swift */ = {isa = PBXFileReference; lastKnownFileType = sourcecode.swift; path = AuthLoginReference.swift; sourceTree = "<group>"; };
		17291C4B3BE6AEF88E8FDCE9 /* BudgetView.swift */ = {isa = PBXFileReference; lastKnownFileType = sourcecode.swift; path = BudgetView.swift; sourceTree = "<group>"; };
		1AC0978DEE3CCA1F954F7AE4 /* WeddingDetailView.swift */ = {isa = PBXFileReference; lastKnownFileType = sourcecode.swift; path = WeddingDetailView.swift; sourceTree = "<group>"; };
		21E78B3E8A14118A5F4A8299 /* EventListView.swift */ = {isa = PBXFileReference; lastKnownFileType = sourcecode.swift; path = EventListView.swift; sourceTree = "<group>"; };
		22C95187C506177C09AA7CBE /* SharedUserDetailView.swift */ = {isa = PBXFileReference; lastKnownFileType = sourcecode.swift; path = SharedUserDetailView.swift; sourceTree = "<group>"; };
		231E37A2B9EDC80033B33221 /* DetailChecklistView.swift */ = {isa = PBXFileReference; lastKnownFileType = sourcecode.swift; path = DetailChecklistView.swift; sourceTree = "<group>"; };
		23A25D10DD84D74B4AA1F646 /* AppFont.swift */ = {isa = PBXFileReference; lastKnownFileType = sourcecode.swift; path = AppFont.swift; sourceTree = "<group>"; };
		25C11B60AED301D45107514A /* WeddingBudget.swift */ = {isa = PBXFileReference; lastKnownFileType = sourcecode.swift; path = WeddingBudget.swift; sourceTree = "<group>"; };
		263D47DCFC4217D8D018C526 /* StatusBarBlur.swift */ = {isa = PBXFileReference; lastKnownFileType = sourcecode.swift; path = StatusBarBlur.swift; sourceTree = "<group>"; };
		2A276F84CAD304FBC4CC5011 /* User.swift */ = {isa = PBXFileReference; lastKnownFileType = sourcecode.swift; path = User.swift; sourceTree = "<group>"; };
		2B0F9F2299000C7AF7376126 /* AppPermissionsView.swift */ = {isa = PBXFileReference; lastKnownFileType = sourcecode.swift; path = AppPermissionsView.swift; sourceTree = "<group>"; };
		2BC0C8F85F08E30963613F0F /* DateFormatters.swift */ = {isa = PBXFileReference; lastKnownFileType = sourcecode.swift; path = DateFormatters.swift; sourceTree = "<group>"; };
		2C24DCB0F7989B03AC84D85E /* NotificationsSheet.swift */ = {isa = PBXFileReference; lastKnownFileType = sourcecode.swift; path = NotificationsSheet.swift; sourceTree = "<group>"; };
		2D048B0466FEE8CD9E93A4B4 /* Products.storekit */ = {isa = PBXFileReference; path = Products.storekit; sourceTree = "<group>"; };
		31E1E6AA1CC2C53DC2E65007 /* SharedPrivacyModels.swift */ = {isa = PBXFileReference; lastKnownFileType = sourcecode.swift; path = SharedPrivacyModels.swift; sourceTree = "<group>"; };
		32E109E11D237A4E33547F78 /* HelpCenterViewModel.swift */ = {isa = PBXFileReference; lastKnownFileType = sourcecode.swift; path = HelpCenterViewModel.swift; sourceTree = "<group>"; };
		332CE37C58326829BF4FF5AC /* CustomerPaymentMethod.swift */ = {isa = PBXFileReference; lastKnownFileType = sourcecode.swift; path = CustomerPaymentMethod.swift; sourceTree = "<group>"; };
		35B50AA17785DD7CD8CC2512 /* DataVisibilityViewModel.swift */ = {isa = PBXFileReference; lastKnownFileType = sourcecode.swift; path = DataVisibilityViewModel.swift; sourceTree = "<group>"; };
		35B8D9CCD9F6C5B7ACEA7B06 /* PrivacyModels.swift */ = {isa = PBXFileReference; lastKnownFileType = sourcecode.swift; path = PrivacyModels.swift; sourceTree = "<group>"; };
		3698140C9D8281AB0DBA129E /* en */ = {isa = PBXFileReference; lastKnownFileType = text.plist.strings; name = en; path = en.lproj/Localizable.strings; sourceTree = "<group>"; };
		37DECBA0D14DF64C4B0638DB /* Vendor.swift */ = {isa = PBXFileReference; lastKnownFileType = sourcecode.swift; path = Vendor.swift; sourceTree = "<group>"; };
		3AA6DCB067FACE1CC365EFAD /* TwoFactorViewModel.swift */ = {isa = PBXFileReference; lastKnownFileType = sourcecode.swift; path = TwoFactorViewModel.swift; sourceTree = "<group>"; };
		3B48DDF80072FF58C7291561 /* PaymentSchedule.swift */ = {isa = PBXFileReference; lastKnownFileType = sourcecode.swift; path = PaymentSchedule.swift; sourceTree = "<group>"; };
		3D802C9898428DA65375E7E3 /* PrivacyPolicyView.swift */ = {isa = PBXFileReference; lastKnownFileType = sourcecode.swift; path = PrivacyPolicyView.swift; sourceTree = "<group>"; };
		3F2E1E70A6F0FBC009D57C52 /* DataExportView.swift */ = {isa = PBXFileReference; lastKnownFileType = sourcecode.swift; path = DataExportView.swift; sourceTree = "<group>"; };
		4429372149863DB95BDA137D /* SharedDirectoryView.swift */ = {isa = PBXFileReference; lastKnownFileType = sourcecode.swift; path = SharedDirectoryView.swift; sourceTree = "<group>"; };
		463B7B02EAA92D28939FF73E /* PrivacySecurityView.swift */ = {isa = PBXFileReference; lastKnownFileType = sourcecode.swift; path = PrivacySecurityView.swift; sourceTree = "<group>"; };
		46D8AD39291CE696AD47C739 /* WeddingApp.app */ = {isa = PBXFileReference; includeInIndex = 0; lastKnownFileType = wrapper.application; path = WeddingApp.app; sourceTree = BUILT_PRODUCTS_DIR; };
		4E57979FBEA0C155CE8EDFA9 /* APIClient.swift */ = {isa = PBXFileReference; lastKnownFileType = sourcecode.swift; path = APIClient.swift; sourceTree = "<group>"; };
		4F8C255E3C4744D9A51D5A3F /* AboutWeddingAppView.swift */ = {isa = PBXFileReference; lastKnownFileType = sourcecode.swift; path = AboutWeddingAppView.swift; sourceTree = "<group>"; };
		50F98766A9F27330C7919FAF /* KeychainStore.swift */ = {isa = PBXFileReference; lastKnownFileType = sourcecode.swift; path = KeychainStore.swift; sourceTree = "<group>"; };
		52660BF241E3B193D7DC01A8 /* IncomingPaymentFlows.swift */ = {isa = PBXFileReference; lastKnownFileType = sourcecode.swift; path = IncomingPaymentFlows.swift; sourceTree = "<group>"; };
		526F0880C7D1B0AF445636E9 /* SplashScreenView.swift */ = {isa = PBXFileReference; lastKnownFileType = sourcecode.swift; path = SplashScreenView.swift; sourceTree = "<group>"; };
		52DE810C73DE1D501791D578 /* CoupleView.swift */ = {isa = PBXFileReference; lastKnownFileType = sourcecode.swift; path = CoupleView.swift; sourceTree = "<group>"; };
		533FF60D7EC9C432A96F0682 /* GuestContactLinker.swift */ = {isa = PBXFileReference; lastKnownFileType = sourcecode.swift; path = GuestContactLinker.swift; sourceTree = "<group>"; };
		534C089B07685E8E3EEBC243 /* PrivacyInfo.xcprivacy */ = {isa = PBXFileReference; path = PrivacyInfo.xcprivacy; sourceTree = "<group>"; };
		572F06071E523ED69487AB40 /* Assets.xcassets */ = {isa = PBXFileReference; lastKnownFileType = folder.assetcatalog; path = Assets.xcassets; sourceTree = "<group>"; };
		574EE7BB43BCF0266A4905EA /* TwoFactorSettingsView.swift */ = {isa = PBXFileReference; lastKnownFileType = sourcecode.swift; path = TwoFactorSettingsView.swift; sourceTree = "<group>"; };
		593CDE1B148ACE38C2CD2AEB /* CoupleAvatarImage.swift */ = {isa = PBXFileReference; lastKnownFileType = sourcecode.swift; path = CoupleAvatarImage.swift; sourceTree = "<group>"; };
		597F9BE79E3AC0A7BABEB66F /* VipGuest.swift */ = {isa = PBXFileReference; lastKnownFileType = sourcecode.swift; path = VipGuest.swift; sourceTree = "<group>"; };
		5A9EB7E2F78744B5EC3517B3 /* TrustedDevicesView.swift */ = {isa = PBXFileReference; lastKnownFileType = sourcecode.swift; path = TrustedDevicesView.swift; sourceTree = "<group>"; };
		5D0DD303F2FDFC63749C416E /* Message.swift */ = {isa = PBXFileReference; lastKnownFileType = sourcecode.swift; path = Message.swift; sourceTree = "<group>"; };
		5E504F470302D80533488281 /* InspirationView.swift */ = {isa = PBXFileReference; lastKnownFileType = sourcecode.swift; path = InspirationView.swift; sourceTree = "<group>"; };
		61FAA7A25E3A8C135810D011 /* PushNotificationManager.swift */ = {isa = PBXFileReference; lastKnownFileType = sourcecode.swift; path = PushNotificationManager.swift; sourceTree = "<group>"; };
		6485577B65E9B38A3ADC0AFC /* Poppins-SemiBold.ttf */ = {isa = PBXFileReference; lastKnownFileType = file; path = "Poppins-SemiBold.ttf"; sourceTree = "<group>"; };
		6585DC9D7458D7BC9946F17B /* HelpFAQView.swift */ = {isa = PBXFileReference; lastKnownFileType = sourcecode.swift; path = HelpFAQView.swift; sourceTree = "<group>"; };
		6781C0FB527DA8A7A8AE446B /* BudgetComponents.swift */ = {isa = PBXFileReference; lastKnownFileType = sourcecode.swift; path = BudgetComponents.swift; sourceTree = "<group>"; };
		6BE01B749F5977235AC0E88C /* ActiveSessionsView.swift */ = {isa = PBXFileReference; lastKnownFileType = sourcecode.swift; path = ActiveSessionsView.swift; sourceTree = "<group>"; };
		6CCD85018A621401946D41EB /* Guest.swift */ = {isa = PBXFileReference; lastKnownFileType = sourcecode.swift; path = Guest.swift; sourceTree = "<group>"; };
		6E93DAFA60C7860E8699721B /* FamilyMember.swift */ = {isa = PBXFileReference; lastKnownFileType = sourcecode.swift; path = FamilyMember.swift; sourceTree = "<group>"; };
		6FD6DC7A8E527EA104DB3FE7 /* AppearanceStore.swift */ = {isa = PBXFileReference; lastKnownFileType = sourcecode.swift; path = AppearanceStore.swift; sourceTree = "<group>"; };
		735939B4CB48A8853B24C263 /* DataVisibilityView.swift */ = {isa = PBXFileReference; lastKnownFileType = sourcecode.swift; path = DataVisibilityView.swift; sourceTree = "<group>"; };
		73BFBBCEA4B0B78151C63E79 /* WeddingQuote.swift */ = {isa = PBXFileReference; lastKnownFileType = sourcecode.swift; path = WeddingQuote.swift; sourceTree = "<group>"; };
		7419D2082AB21BE0E69718B6 /* BudgetPaymentFlows.swift */ = {isa = PBXFileReference; lastKnownFileType = sourcecode.swift; path = BudgetPaymentFlows.swift; sourceTree = "<group>"; };
		75AC5CE6360E674F9AB04BC8 /* BillingEntitlement.swift */ = {isa = PBXFileReference; lastKnownFileType = sourcecode.swift; path = BillingEntitlement.swift; sourceTree = "<group>"; };
		765DE1B59BF4781EF9F08735 /* CategoryAllocationFlows.swift */ = {isa = PBXFileReference; lastKnownFileType = sourcecode.swift; path = CategoryAllocationFlows.swift; sourceTree = "<group>"; };
		793C7A2219A6C6F198B0C188 /* RemindersPreferencesView.swift */ = {isa = PBXFileReference; lastKnownFileType = sourcecode.swift; path = RemindersPreferencesView.swift; sourceTree = "<group>"; };
		7A2A4DA36E8B4B3559ED00D1 /* BillingProduct.swift */ = {isa = PBXFileReference; lastKnownFileType = sourcecode.swift; path = BillingProduct.swift; sourceTree = "<group>"; };
		7C0DB1E4DE8BA273AA0CBD52 /* SharedUserDetailViewModel.swift */ = {isa = PBXFileReference; lastKnownFileType = sourcecode.swift; path = SharedUserDetailViewModel.swift; sourceTree = "<group>"; };
		7C406FB3B34D88718BD5896E /* WeddingDocumentsView.swift */ = {isa = PBXFileReference; lastKnownFileType = sourcecode.swift; path = WeddingDocumentsView.swift; sourceTree = "<group>"; };
		80CE4E433DCF2065DA4BF1AD /* GuestExcelImportResult.swift */ = {isa = PBXFileReference; lastKnownFileType = sourcecode.swift; path = GuestExcelImportResult.swift; sourceTree = "<group>"; };
		828DBA56CBCC51CA03F24D8C /* WeddingAppApp.swift */ = {isa = PBXFileReference; lastKnownFileType = sourcecode.swift; path = WeddingAppApp.swift; sourceTree = "<group>"; };
		8AD2C9039C69CAABFCCF955A /* GuestView.swift */ = {isa = PBXFileReference; lastKnownFileType = sourcecode.swift; path = GuestView.swift; sourceTree = "<group>"; };
		8AE4E87A500F62B57F3406BB /* PremiumStore.swift */ = {isa = PBXFileReference; lastKnownFileType = sourcecode.swift; path = PremiumStore.swift; sourceTree = "<group>"; };
		8EF1EF74D6E80C28D3DF8CEC /* BudgetCategory.swift */ = {isa = PBXFileReference; lastKnownFileType = sourcecode.swift; path = BudgetCategory.swift; sourceTree = "<group>"; };
		8F2D4C1A64170E6382C4D9D8 /* BudgetPaymentCategory.swift */ = {isa = PBXFileReference; lastKnownFileType = sourcecode.swift; path = BudgetPaymentCategory.swift; sourceTree = "<group>"; };
		90831799F7F7B3032F1F9B8F /* CormorantGaramond.ttf */ = {isa = PBXFileReference; lastKnownFileType = file; path = CormorantGaramond.ttf; sourceTree = "<group>"; };
		971FF8A8171E9D972A3A746E /* LaunchScreen.storyboard */ = {isa = PBXFileReference; lastKnownFileType = file.storyboard; path = LaunchScreen.storyboard; sourceTree = "<group>"; };
		9A6958BA2413CA45DF2D3FD6 /* AppleSignInService.swift */ = {isa = PBXFileReference; lastKnownFileType = sourcecode.swift; path = AppleSignInService.swift; sourceTree = "<group>"; };
		9B0F41CBEC05C304B6987CE6 /* HelpTopicArticlesView.swift */ = {isa = PBXFileReference; lastKnownFileType = sourcecode.swift; path = HelpTopicArticlesView.swift; sourceTree = "<group>"; };
		9E0839892BE330809B179C97 /* AddPaymentMethodView.swift */ = {isa = PBXFileReference; lastKnownFileType = sourcecode.swift; path = AddPaymentMethodView.swift; sourceTree = "<group>"; };
		A0A2E132C88C14749D204C78 /* L10n.swift */ = {isa = PBXFileReference; lastKnownFileType = sourcecode.swift; path = L10n.swift; sourceTree = "<group>"; };
		A1AF956B4117204E2C03178F /* VendorDetailView.swift */ = {isa = PBXFileReference; lastKnownFileType = sourcecode.swift; path = VendorDetailView.swift; sourceTree = "<group>"; };
		A371133D9E50C20C43062070 /* VendorCategoriesStore.swift */ = {isa = PBXFileReference; lastKnownFileType = sourcecode.swift; path = VendorCategoriesStore.swift; sourceTree = "<group>"; };
		A3E2B1F6CB207E402D70B466 /* VendorView.swift */ = {isa = PBXFileReference; lastKnownFileType = sourcecode.swift; path = VendorView.swift; sourceTree = "<group>"; };
		A4320310CC4658809C0147A4 /* MessagesView.swift */ = {isa = PBXFileReference; lastKnownFileType = sourcecode.swift; path = MessagesView.swift; sourceTree = "<group>"; };
		A5006C0C2DDA829C807BE236 /* CustomerNotification.swift */ = {isa = PBXFileReference; lastKnownFileType = sourcecode.swift; path = CustomerNotification.swift; sourceTree = "<group>"; };
		A513CA3D1C83146F33CDE247 /* ChangePasswordView.swift */ = {isa = PBXFileReference; lastKnownFileType = sourcecode.swift; path = ChangePasswordView.swift; sourceTree = "<group>"; };
		AB6557AEAE5761C849181404 /* AppearanceSettingsViews.swift */ = {isa = PBXFileReference; lastKnownFileType = sourcecode.swift; path = AppearanceSettingsViews.swift; sourceTree = "<group>"; };
		AB7B45237C490B6BB02C9224 /* Poppins-Bold.ttf */ = {isa = PBXFileReference; lastKnownFileType = file; path = "Poppins-Bold.ttf"; sourceTree = "<group>"; };
		ABFFAA8AC45DF6119A8761D2 /* HelpContactViews.swift */ = {isa = PBXFileReference; lastKnownFileType = sourcecode.swift; path = HelpContactViews.swift; sourceTree = "<group>"; };
		AC6C65A5DCEC1768E8778404 /* LoginView.swift */ = {isa = PBXFileReference; lastKnownFileType = sourcecode.swift; path = LoginView.swift; sourceTree = "<group>"; };
		AD1B3A1E1B94C70FB8398B22 /* SavedItemsStore.swift */ = {isa = PBXFileReference; lastKnownFileType = sourcecode.swift; path = SavedItemsStore.swift; sourceTree = "<group>"; };
		B08C17F2438509535F6C1A17 /* HelpContent.swift */ = {isa = PBXFileReference; lastKnownFileType = sourcecode.swift; path = HelpContent.swift; sourceTree = "<group>"; };
		B0D7053CD3852CB794DC77BB /* AppTheme.swift */ = {isa = PBXFileReference; lastKnownFileType = sourcecode.swift; path = AppTheme.swift; sourceTree = "<group>"; };
		B3619889A92A2A17CD923A4B /* Envelope.swift */ = {isa = PBXFileReference; lastKnownFileType = sourcecode.swift; path = Envelope.swift; sourceTree = "<group>"; };
		B4C66B3B97AEAEFEDCAF33F8 /* DeviceIdentity.swift */ = {isa = PBXFileReference; lastKnownFileType = sourcecode.swift; path = DeviceIdentity.swift; sourceTree = "<group>"; };
		B58E90A8BF4BB82635ADD432 /* DataExportViewModel.swift */ = {isa = PBXFileReference; lastKnownFileType = sourcecode.swift; path = DataExportViewModel.swift; sourceTree = "<group>"; };
		B5C3FC5964802FB1C13461BE /* LuxuryWeddingBackground.swift */ = {isa = PBXFileReference; lastKnownFileType = sourcecode.swift; path = LuxuryWeddingBackground.swift; sourceTree = "<group>"; };
		B75225CF6A99480FD3355B95 /* LocalizationManager.swift */ = {isa = PBXFileReference; lastKnownFileType = sourcecode.swift; path = LocalizationManager.swift; sourceTree = "<group>"; };
		B9D2428C547A82B0A49FA89F /* SavedVendorsView.swift */ = {isa = PBXFileReference; lastKnownFileType = sourcecode.swift; path = SavedVendorsView.swift; sourceTree = "<group>"; };
		BBBBDD4AD1FB39A13A487006 /* BudgetCategoriesStore.swift */ = {isa = PBXFileReference; lastKnownFileType = sourcecode.swift; path = BudgetCategoriesStore.swift; sourceTree = "<group>"; };
		BD2037980855E8263CD78091 /* SharedPrivacyAPIService.swift */ = {isa = PBXFileReference; lastKnownFileType = sourcecode.swift; path = SharedPrivacyAPIService.swift; sourceTree = "<group>"; };
		BDFCF8C5FAA8E51366CE40B3 /* APIConfig.swift */ = {isa = PBXFileReference; lastKnownFileType = sourcecode.swift; path = APIConfig.swift; sourceTree = "<group>"; };
		BE9329D7C13F2C09A7475B1A /* GuestExportShareView.swift */ = {isa = PBXFileReference; lastKnownFileType = sourcecode.swift; path = GuestExportShareView.swift; sourceTree = "<group>"; };
		BF0AC5ACCFB0AB7C79B8BBEC /* WeddingDocument.swift */ = {isa = PBXFileReference; lastKnownFileType = sourcecode.swift; path = WeddingDocument.swift; sourceTree = "<group>"; };
		BF3D4585344A162087FADF83 /* AddExpenseView.swift */ = {isa = PBXFileReference; lastKnownFileType = sourcecode.swift; path = AddExpenseView.swift; sourceTree = "<group>"; };
		C02D458890E7FE88F7447B6D /* SavedInspirationView.swift */ = {isa = PBXFileReference; lastKnownFileType = sourcecode.swift; path = SavedInspirationView.swift; sourceTree = "<group>"; };
		C02E458DBC647AC26F3AE650 /* SharedDirectoryViewModel.swift */ = {isa = PBXFileReference; lastKnownFileType = sourcecode.swift; path = SharedDirectoryViewModel.swift; sourceTree = "<group>"; };
		C3AECF4F64C65DE5DB454105 /* LanguageStore.swift */ = {isa = PBXFileReference; lastKnownFileType = sourcecode.swift; path = LanguageStore.swift; sourceTree = "<group>"; };
		C3B07CE434B89E9684802856 /* id */ = {isa = PBXFileReference; lastKnownFileType = text.plist.strings; name = id; path = id.lproj/Localizable.strings; sourceTree = "<group>"; };
		CA7CCFD316971D1D35A0FE8A /* WeddingEvent.swift */ = {isa = PBXFileReference; lastKnownFileType = sourcecode.swift; path = WeddingEvent.swift; sourceTree = "<group>"; };
		CB2BB8B57966DC255F5D46E8 /* PrivacySecurityViewModel.swift */ = {isa = PBXFileReference; lastKnownFileType = sourcecode.swift; path = PrivacySecurityViewModel.swift; sourceTree = "<group>"; };
		CE25724F887EAC0E78AEA89C /* ActiveSession.swift */ = {isa = PBXFileReference; lastKnownFileType = sourcecode.swift; path = ActiveSession.swift; sourceTree = "<group>"; };
		D0ACB983947A33577652C7C9 /* IncomingPayment.swift */ = {isa = PBXFileReference; lastKnownFileType = sourcecode.swift; path = IncomingPayment.swift; sourceTree = "<group>"; };
		D408E828EBBD5F286246A311 /* SettingsView.swift */ = {isa = PBXFileReference; lastKnownFileType = sourcecode.swift; path = SettingsView.swift; sourceTree = "<group>"; };
		D6798143AC0A1EDB41E90A7B /* AuthComponents.swift */ = {isa = PBXFileReference; lastKnownFileType = sourcecode.swift; path = AuthComponents.swift; sourceTree = "<group>"; };
		D76A03AFB8EF72E352978F31 /* LanguageSettingsView.swift */ = {isa = PBXFileReference; lastKnownFileType = sourcecode.swift; path = LanguageSettingsView.swift; sourceTree = "<group>"; };
		D77FD1DE5D8B09D3C6412019 /* CultureSelection.swift */ = {isa = PBXFileReference; lastKnownFileType = sourcecode.swift; path = CultureSelection.swift; sourceTree = "<group>"; };
		D807FF94849263D9B3B62E85 /* ChecklistView.swift */ = {isa = PBXFileReference; lastKnownFileType = sourcecode.swift; path = ChecklistView.swift; sourceTree = "<group>"; };
		D985BCAD1E359A25613FB004 /* GuestDetailSheet.swift */ = {isa = PBXFileReference; lastKnownFileType = sourcecode.swift; path = GuestDetailSheet.swift; sourceTree = "<group>"; };
		DAC655EA134C7DCB2893567A /* EditProfileView.swift */ = {isa = PBXFileReference; lastKnownFileType = sourcecode.swift; path = EditProfileView.swift; sourceTree = "<group>"; };
		DACE83ECA36D9B40D47CFB10 /* SecuritySummaryView.swift */ = {isa = PBXFileReference; lastKnownFileType = sourcecode.swift; path = SecuritySummaryView.swift; sourceTree = "<group>"; };
		DB220400741C1B1D1B0B7989 /* Poppins-Medium.ttf */ = {isa = PBXFileReference; lastKnownFileType = file; path = "Poppins-Medium.ttf"; sourceTree = "<group>"; };
		E0C8AF2F077E3E91DEA53164 /* SessionStore.swift */ = {isa = PBXFileReference; lastKnownFileType = sourcecode.swift; path = SessionStore.swift; sourceTree = "<group>"; };
		E17CCC3F0B99352CD9B385E4 /* TermsOfServiceView.swift */ = {isa = PBXFileReference; lastKnownFileType = sourcecode.swift; path = TermsOfServiceView.swift; sourceTree = "<group>"; };
		E2099A5B85E5688D984396C9 /* GoogleSignInService.swift */ = {isa = PBXFileReference; lastKnownFileType = sourcecode.swift; path = GoogleSignInService.swift; sourceTree = "<group>"; };
		E37E72152E136EB6B8D1A465 /* Poppins-Regular.ttf */ = {isa = PBXFileReference; lastKnownFileType = file; path = "Poppins-Regular.ttf"; sourceTree = "<group>"; };
		E4E660571E75C7DECA684F10 /* APIResolver.swift */ = {isa = PBXFileReference; lastKnownFileType = sourcecode.swift; path = APIResolver.swift; sourceTree = "<group>"; };
		E4F0B49F04C81B013282C4F8 /* DeleteAccountView.swift */ = {isa = PBXFileReference; lastKnownFileType = sourcecode.swift; path = DeleteAccountView.swift; sourceTree = "<group>"; };
		E4F18A592865524BFDADC440 /* WeddingInfo.swift */ = {isa = PBXFileReference; lastKnownFileType = sourcecode.swift; path = WeddingInfo.swift; sourceTree = "<group>"; };
		E5991A37E37A82DCABA7294C /* PreparationTask.swift */ = {isa = PBXFileReference; lastKnownFileType = sourcecode.swift; path = PreparationTask.swift; sourceTree = "<group>"; };
		E6D943A9DBB65EEF8E543E55 /* PrivacyRepository.swift */ = {isa = PBXFileReference; lastKnownFileType = sourcecode.swift; path = PrivacyRepository.swift; sourceTree = "<group>"; };
		EC274742DFC3A894FD5A01C5 /* RootView.swift */ = {isa = PBXFileReference; lastKnownFileType = sourcecode.swift; path = RootView.swift; sourceTree = "<group>"; };
		ED3F1528FD6B343CCFA0874E /* ChecklistSummary.swift */ = {isa = PBXFileReference; lastKnownFileType = sourcecode.swift; path = ChecklistSummary.swift; sourceTree = "<group>"; };
		EFD2FCFF3605BFCB0E9B5601 /* BudgetCategoryAllocation.swift */ = {isa = PBXFileReference; lastKnownFileType = sourcecode.swift; path = BudgetCategoryAllocation.swift; sourceTree = "<group>"; };
		F043F71005380D96B3ED208E /* TrustedDevicesViewModel.swift */ = {isa = PBXFileReference; lastKnownFileType = sourcecode.swift; path = TrustedDevicesViewModel.swift; sourceTree = "<group>"; };
		F13B8FEC38E36E63D02204BE /* MoreSubpageLayout.swift */ = {isa = PBXFileReference; lastKnownFileType = sourcecode.swift; path = MoreSubpageLayout.swift; sourceTree = "<group>"; };
		F2B79086DC38F3F4C7B20A09 /* WeddingDetailEditView.swift */ = {isa = PBXFileReference; lastKnownFileType = sourcecode.swift; path = WeddingDetailEditView.swift; sourceTree = "<group>"; };
		F75D0A0B4D82B88E5F120266 /* OnboardingView.swift */ = {isa = PBXFileReference; lastKnownFileType = sourcecode.swift; path = OnboardingView.swift; sourceTree = "<group>"; };
		F9129EF3C2E5BB8D4637C985 /* IndonesiaRegionsStore.swift */ = {isa = PBXFileReference; lastKnownFileType = sourcecode.swift; path = IndonesiaRegionsStore.swift; sourceTree = "<group>"; };
		F96C30225F48FB3402F222A0 /* AboutContent.swift */ = {isa = PBXFileReference; lastKnownFileType = sourcecode.swift; path = AboutContent.swift; sourceTree = "<group>"; };
		FB6BE745BA400F2D6115FDDB /* HelpCenterAPIView.swift */ = {isa = PBXFileReference; lastKnownFileType = sourcecode.swift; path = HelpCenterAPIView.swift; sourceTree = "<group>"; };
		FCD8134A6EDAA696F70B84FF /* PrivacyPolicyContent.swift */ = {isa = PBXFileReference; lastKnownFileType = sourcecode.swift; path = PrivacyPolicyContent.swift; sourceTree = "<group>"; };
		FD7CDB2002DE4A17BECAA111 /* PaywallView.swift */ = {isa = PBXFileReference; lastKnownFileType = sourcecode.swift; path = PaywallView.swift; sourceTree = "<group>"; };
/* End PBXFileReference section */

/* Begin PBXFrameworksBuildPhase section */
		D42C087F6B132276BF912A82 /* Frameworks */ = {
			isa = PBXFrameworksBuildPhase;
			buildActionMask = 2147483647;
			files = (
				06FA33757D5E0313DDF9E107 /* GoogleSignIn in Frameworks */,
			);
			runOnlyForDeploymentPostprocessing = 0;
		};
/* End PBXFrameworksBuildPhase section */

/* Begin PBXGroup section */
		0E6E6E43BE6533CA25DBB034 /* Networking */ = {
			isa = PBXGroup;
			children = (
				4E57979FBEA0C155CE8EDFA9 /* APIClient.swift */,
				BDFCF8C5FAA8E51366CE40B3 /* APIConfig.swift */,
				133726E37291C60910E4D29C /* APIError.swift */,
				E4E660571E75C7DECA684F10 /* APIResolver.swift */,
				50F98766A9F27330C7919FAF /* KeychainStore.swift */,
			);
			path = Networking;
			sourceTree = "<group>";
		};
		0E9335507003E6946103E3F1 /* Localization */ = {
			isa = PBXGroup;
			children = (
				A0A2E132C88C14749D204C78 /* L10n.swift */,
				B75225CF6A99480FD3355B95 /* LocalizationManager.swift */,
				F7B50ECFE3508CAEEE63D515 /* Localizable.strings */,
			);
			path = Localization;
			sourceTree = "<group>";
		};
		2178136A456F36417D2DCDFE /* Features */ = {
			isa = PBXGroup;
			children = (
				CCBD1D67951A2C047B3D2779 /* Auth */,
				264BAF35CB3344CA6ECB5C41 /* Billing */,
				C8651D35F684C3132AC3C18D /* Budget */,
				C821A5207D0A2C7E8B6D2FB4 /* Checklist */,
				82A53C6C8758EEE2A62E32F6 /* Dashboard */,
				34A684F1D8179B2A36175BF6 /* Events */,
				3F6AE6B05BAB27059475A2B0 /* Guests */,
				FF346B87A3F3A9937E1ED1D6 /* Inspiration */,
				4D92F69A5575C4B1D9DC2DDB /* Messages */,
				CFA6A820C1FE8A6EBB8C2BC4 /* More */,
				E9B97608F714FA73CE4715EC /* Privacy */,
				89AE0C83ECBC72D84068AE1A /* Shared */,
				B0499BBDB0AD705EB82B4D8D /* Vendor */,
			);
			path = Features;
			sourceTree = "<group>";
		};
		24DD5536F84FBB8CCAF00C2B /* ViewModels */ = {
			isa = PBXGroup;
			children = (
				0B2A0935EC71D05B45C9BE67 /* AppPermissionsViewModel.swift */,
				B58E90A8BF4BB82635ADD432 /* DataExportViewModel.swift */,
				35B50AA17785DD7CD8CC2512 /* DataVisibilityViewModel.swift */,
				32E109E11D237A4E33547F78 /* HelpCenterViewModel.swift */,
				CB2BB8B57966DC255F5D46E8 /* PrivacySecurityViewModel.swift */,
				C02E458DBC647AC26F3AE650 /* SharedDirectoryViewModel.swift */,
				7C0DB1E4DE8BA273AA0CBD52 /* SharedUserDetailViewModel.swift */,
				F043F71005380D96B3ED208E /* TrustedDevicesViewModel.swift */,
				3AA6DCB067FACE1CC365EFAD /* TwoFactorViewModel.swift */,
			);
			path = ViewModels;
			sourceTree = "<group>";
		};
		261F7081F3786EA1F0D7B857 /* Resources */ = {
			isa = PBXGroup;
			children = (
				572F06071E523ED69487AB40 /* Assets.xcassets */,
				971FF8A8171E9D972A3A746E /* LaunchScreen.storyboard */,
				534C089B07685E8E3EEBC243 /* PrivacyInfo.xcprivacy */,
				2D048B0466FEE8CD9E93A4B4 /* Products.storekit */,
				8CFAEB7E9152CFA035F83142 /* Fonts */,
			);
			path = Resources;
			sourceTree = "<group>";
		};
		264BAF35CB3344CA6ECB5C41 /* Billing */ = {
			isa = PBXGroup;
			children = (
				75AC5CE6360E674F9AB04BC8 /* BillingEntitlement.swift */,
				7A2A4DA36E8B4B3559ED00D1 /* BillingProduct.swift */,
				FD7CDB2002DE4A17BECAA111 /* PaywallView.swift */,
				8AE4E87A500F62B57F3406BB /* PremiumStore.swift */,
			);
			path = Billing;
			sourceTree = "<group>";
		};
		2DBBCCC82A0CBC5489C70B76 /* Models */ = {
			isa = PBXGroup;
			children = (
				CE25724F887EAC0E78AEA89C /* ActiveSession.swift */,
				6FD6DC7A8E527EA104DB3FE7 /* AppearanceStore.swift */,
				BBBBDD4AD1FB39A13A487006 /* BudgetCategoriesStore.swift */,
				8EF1EF74D6E80C28D3DF8CEC /* BudgetCategory.swift */,
				EFD2FCFF3605BFCB0E9B5601 /* BudgetCategoryAllocation.swift */,
				08A737CF9E3DDD9F939BB702 /* BudgetDefaults.swift */,
				8F2D4C1A64170E6382C4D9D8 /* BudgetPaymentCategory.swift */,
				ED3F1528FD6B343CCFA0874E /* ChecklistSummary.swift */,
				A5006C0C2DDA829C807BE236 /* CustomerNotification.swift */,
				332CE37C58326829BF4FF5AC /* CustomerPaymentMethod.swift */,
				B3619889A92A2A17CD923A4B /* Envelope.swift */,
				6E93DAFA60C7860E8699721B /* FamilyMember.swift */,
				6CCD85018A621401946D41EB /* Guest.swift */,
				80CE4E433DCF2065DA4BF1AD /* GuestExcelImportResult.swift */,
				D0ACB983947A33577652C7C9 /* IncomingPayment.swift */,
				F9129EF3C2E5BB8D4637C985 /* IndonesiaRegionsStore.swift */,
				0D9F6C71F94963025F9C4F9B /* Inspiration.swift */,
				C3AECF4F64C65DE5DB454105 /* LanguageStore.swift */,
				5D0DD303F2FDFC63749C416E /* Message.swift */,
				3B48DDF80072FF58C7291561 /* PaymentSchedule.swift */,
				E5991A37E37A82DCABA7294C /* PreparationTask.swift */,
				AD1B3A1E1B94C70FB8398B22 /* SavedItemsStore.swift */,
				2A276F84CAD304FBC4CC5011 /* User.swift */,
				37DECBA0D14DF64C4B0638DB /* Vendor.swift */,
				A371133D9E50C20C43062070 /* VendorCategoriesStore.swift */,
				06D3783A1E540184C23FFBCB /* VendorFilterCatalog.swift */,
				597F9BE79E3AC0A7BABEB66F /* VipGuest.swift */,
				25C11B60AED301D45107514A /* WeddingBudget.swift */,
				009968D02C5B301C4B53A74C /* WeddingBudgetSummary.swift */,
				BF0AC5ACCFB0AB7C79B8BBEC /* WeddingDocument.swift */,
				CA7CCFD316971D1D35A0FE8A /* WeddingEvent.swift */,
				E4F18A592865524BFDADC440 /* WeddingInfo.swift */,
				73BFBBCEA4B0B78151C63E79 /* WeddingQuote.swift */,
			);
			path = Models;
			sourceTree = "<group>";
		};
		322971EAD525FBF8F0457BD4 /* Services */ = {
			isa = PBXGroup;
			children = (
				B4C66B3B97AEAEFEDCAF33F8 /* DeviceIdentity.swift */,
				04CDE7F54F4143A5BEA9F9FD /* PrivacyAPIService.swift */,
				BD2037980855E8263CD78091 /* SharedPrivacyAPIService.swift */,
			);
			path = Services;
			sourceTree = "<group>";
		};
		34A684F1D8179B2A36175BF6 /* Events */ = {
			isa = PBXGroup;
			children = (
				21E78B3E8A14118A5F4A8299 /* EventListView.swift */,
			);
			path = Events;
			sourceTree = "<group>";
		};
		3F6AE6B05BAB27059475A2B0 /* Guests */ = {
			isa = PBXGroup;
			children = (
				533FF60D7EC9C432A96F0682 /* GuestContactLinker.swift */,
				D985BCAD1E359A25613FB004 /* GuestDetailSheet.swift */,
				BE9329D7C13F2C09A7475B1A /* GuestExportShareView.swift */,
				8AD2C9039C69CAABFCCF955A /* GuestView.swift */,
			);
			path = Guests;
			sourceTree = "<group>";
		};
		4D92F69A5575C4B1D9DC2DDB /* Messages */ = {
			isa = PBXGroup;
			children = (
				A4320310CC4658809C0147A4 /* MessagesView.swift */,
			);
			path = Messages;
			sourceTree = "<group>";
		};
		4FCFBF8A71963C5A06F3A510 /* Services */ = {
			isa = PBXGroup;
			children = (
				61FAA7A25E3A8C135810D011 /* PushNotificationManager.swift */,
			);
			path = Services;
			sourceTree = "<group>";
		};
		5EC1B818A8B9F3F9B6E74C3F /* Products */ = {
			isa = PBXGroup;
			children = (
				46D8AD39291CE696AD47C739 /* WeddingApp.app */,
			);
			name = Products;
			sourceTree = "<group>";
		};
		6459B15FAE0690B4EE0DA8FA /* Repositories */ = {
			isa = PBXGroup;
			children = (
				E6D943A9DBB65EEF8E543E55 /* PrivacyRepository.swift */,
				137A9C1C1B40C6827605CF06 /* SharedPrivacyRepository.swift */,
			);
			path = Repositories;
			sourceTree = "<group>";
		};
		6DB1042BF417795125F2E18D = {
			isa = PBXGroup;
			children = (
				A39C665F6B707DD691CCAAD4 /* Sources */,
				5EC1B818A8B9F3F9B6E74C3F /* Products */,
			);
			sourceTree = "<group>";
		};
		82A53C6C8758EEE2A62E32F6 /* Dashboard */ = {
			isa = PBXGroup;
			children = (
				593CDE1B148ACE38C2CD2AEB /* CoupleAvatarImage.swift */,
				132DC1579D81BF788964DE9E /* DashboardView.swift */,
				11DBA25AF9695A54AF27D61E /* InfoTabView.swift */,
				2C24DCB0F7989B03AC84D85E /* NotificationsSheet.swift */,
			);
			path = Dashboard;
			sourceTree = "<group>";
		};
		89AE0C83ECBC72D84068AE1A /* Shared */ = {
			isa = PBXGroup;
			children = (
				D77FD1DE5D8B09D3C6412019 /* CultureSelection.swift */,
			);
			path = Shared;
			sourceTree = "<group>";
		};
		8CFAEB7E9152CFA035F83142 /* Fonts */ = {
			isa = PBXGroup;
			children = (
				90831799F7F7B3032F1F9B8F /* CormorantGaramond.ttf */,
				AB7B45237C490B6BB02C9224 /* Poppins-Bold.ttf */,
				DB220400741C1B1D1B0B7989 /* Poppins-Medium.ttf */,
				E37E72152E136EB6B8D1A465 /* Poppins-Regular.ttf */,
				6485577B65E9B38A3ADC0AFC /* Poppins-SemiBold.ttf */,
				05ABDF3CD9ECBD393E039710 /* SairaStencilOne-Regular.ttf */,
			);
			path = Fonts;
			sourceTree = "<group>";
		};
		9054B1CAFD45A5BE561BE52A /* Models */ = {
			isa = PBXGroup;
			children = (
				35B8D9CCD9F6C5B7ACEA7B06 /* PrivacyModels.swift */,
				31E1E6AA1CC2C53DC2E65007 /* SharedPrivacyModels.swift */,
			);
			path = Models;
			sourceTree = "<group>";
		};
		9A2FD4970BF160BBC9023B9E /* App */ = {
			isa = PBXGroup;
			children = (
				23A25D10DD84D74B4AA1F646 /* AppFont.swift */,
				B0D7053CD3852CB794DC77BB /* AppTheme.swift */,
				2BC0C8F85F08E30963613F0F /* DateFormatters.swift */,
				B5C3FC5964802FB1C13461BE /* LuxuryWeddingBackground.swift */,
				F75D0A0B4D82B88E5F120266 /* OnboardingView.swift */,
				EC274742DFC3A894FD5A01C5 /* RootView.swift */,
				526F0880C7D1B0AF445636E9 /* SplashScreenView.swift */,
				263D47DCFC4217D8D018C526 /* StatusBarBlur.swift */,
				828DBA56CBCC51CA03F24D8C /* WeddingAppApp.swift */,
				0E9335507003E6946103E3F1 /* Localization */,
			);
			path = App;
			sourceTree = "<group>";
		};
		A39C665F6B707DD691CCAAD4 /* Sources */ = {
			isa = PBXGroup;
			children = (
				9A2FD4970BF160BBC9023B9E /* App */,
				2178136A456F36417D2DCDFE /* Features */,
				2DBBCCC82A0CBC5489C70B76 /* Models */,
				0E6E6E43BE6533CA25DBB034 /* Networking */,
				261F7081F3786EA1F0D7B857 /* Resources */,
				4FCFBF8A71963C5A06F3A510 /* Services */,
			);
			path = Sources;
			sourceTree = "<group>";
		};
		B0499BBDB0AD705EB82B4D8D /* Vendor */ = {
			isa = PBXGroup;
			children = (
				0A024004DC72691427E1F422 /* PackageFacilitiesView.swift */,
				A1AF956B4117204E2C03178F /* VendorDetailView.swift */,
				A3E2B1F6CB207E402D70B466 /* VendorView.swift */,
			);
			path = Vendor;
			sourceTree = "<group>";
		};
		C539B2D2530364256B79FEE4 /* Views */ = {
			isa = PBXGroup;
			children = (
				2B0F9F2299000C7AF7376126 /* AppPermissionsView.swift */,
				3F2E1E70A6F0FBC009D57C52 /* DataExportView.swift */,
				735939B4CB48A8853B24C263 /* DataVisibilityView.swift */,
				FB6BE745BA400F2D6115FDDB /* HelpCenterAPIView.swift */,
				DACE83ECA36D9B40D47CFB10 /* SecuritySummaryView.swift */,
				4429372149863DB95BDA137D /* SharedDirectoryView.swift */,
				22C95187C506177C09AA7CBE /* SharedUserDetailView.swift */,
				5A9EB7E2F78744B5EC3517B3 /* TrustedDevicesView.swift */,
				574EE7BB43BCF0266A4905EA /* TwoFactorSettingsView.swift */,
			);
			path = Views;
			sourceTree = "<group>";
		};
		C821A5207D0A2C7E8B6D2FB4 /* Checklist */ = {
			isa = PBXGroup;
			children = (
				D807FF94849263D9B3B62E85 /* ChecklistView.swift */,
				231E37A2B9EDC80033B33221 /* DetailChecklistView.swift */,
			);
			path = Checklist;
			sourceTree = "<group>";
		};
		C8651D35F684C3132AC3C18D /* Budget */ = {
			isa = PBXGroup;
			children = (
				BF3D4585344A162087FADF83 /* AddExpenseView.swift */,
				9E0839892BE330809B179C97 /* AddPaymentMethodView.swift */,
				6781C0FB527DA8A7A8AE446B /* BudgetComponents.swift */,
				7419D2082AB21BE0E69718B6 /* BudgetPaymentFlows.swift */,
				17291C4B3BE6AEF88E8FDCE9 /* BudgetView.swift */,
				765DE1B59BF4781EF9F08735 /* CategoryAllocationFlows.swift */,
				52660BF241E3B193D7DC01A8 /* IncomingPaymentFlows.swift */,
			);
			path = Budget;
			sourceTree = "<group>";
		};
		CCBD1D67951A2C047B3D2779 /* Auth */ = {
			isa = PBXGroup;
			children = (
				9A6958BA2413CA45DF2D3FD6 /* AppleSignInService.swift */,
				D6798143AC0A1EDB41E90A7B /* AuthComponents.swift */,
				14FF07327EA7AC96AF72845E /* AuthLoginReference.swift */,
				E2099A5B85E5688D984396C9 /* GoogleSignInService.swift */,
				AC6C65A5DCEC1768E8778404 /* LoginView.swift */,
				02770B7ECD82B4248458F711 /* RegisterView.swift */,
				E0C8AF2F077E3E91DEA53164 /* SessionStore.swift */,
			);
			path = Auth;
			sourceTree = "<group>";
		};
		CFA6A820C1FE8A6EBB8C2BC4 /* More */ = {
			isa = PBXGroup;
			children = (
				F96C30225F48FB3402F222A0 /* AboutContent.swift */,
				4F8C255E3C4744D9A51D5A3F /* AboutWeddingAppView.swift */,
				6BE01B749F5977235AC0E88C /* ActiveSessionsView.swift */,
				AB6557AEAE5761C849181404 /* AppearanceSettingsViews.swift */,
				A513CA3D1C83146F33CDE247 /* ChangePasswordView.swift */,
				52DE810C73DE1D501791D578 /* CoupleView.swift */,
				E4F0B49F04C81B013282C4F8 /* DeleteAccountView.swift */,
				DAC655EA134C7DCB2893567A /* EditProfileView.swift */,
				ABFFAA8AC45DF6119A8761D2 /* HelpContactViews.swift */,
				B08C17F2438509535F6C1A17 /* HelpContent.swift */,
				6585DC9D7458D7BC9946F17B /* HelpFAQView.swift */,
				9B0F41CBEC05C304B6987CE6 /* HelpTopicArticlesView.swift */,
				D76A03AFB8EF72E352978F31 /* LanguageSettingsView.swift */,
				F13B8FEC38E36E63D02204BE /* MoreSubpageLayout.swift */,
				0999072473E2F9FD2AD577D0 /* MoreView.swift */,
				FCD8134A6EDAA696F70B84FF /* PrivacyPolicyContent.swift */,
				3D802C9898428DA65375E7E3 /* PrivacyPolicyView.swift */,
				463B7B02EAA92D28939FF73E /* PrivacySecurityView.swift */,
				793C7A2219A6C6F198B0C188 /* RemindersPreferencesView.swift */,
				C02D458890E7FE88F7447B6D /* SavedInspirationView.swift */,
				B9D2428C547A82B0A49FA89F /* SavedVendorsView.swift */,
				D408E828EBBD5F286246A311 /* SettingsView.swift */,
				03D045B66E37D82C4882CBB0 /* TermsOfServiceContent.swift */,
				E17CCC3F0B99352CD9B385E4 /* TermsOfServiceView.swift */,
				F2B79086DC38F3F4C7B20A09 /* WeddingDetailEditView.swift */,
				1AC0978DEE3CCA1F954F7AE4 /* WeddingDetailView.swift */,
				7C406FB3B34D88718BD5896E /* WeddingDocumentsView.swift */,
			);
			path = More;
			sourceTree = "<group>";
		};
		E9B97608F714FA73CE4715EC /* Privacy */ = {
			isa = PBXGroup;
			children = (
				9054B1CAFD45A5BE561BE52A /* Models */,
				6459B15FAE0690B4EE0DA8FA /* Repositories */,
				322971EAD525FBF8F0457BD4 /* Services */,
				24DD5536F84FBB8CCAF00C2B /* ViewModels */,
				C539B2D2530364256B79FEE4 /* Views */,
			);
			path = Privacy;
			sourceTree = "<group>";
		};
		FF346B87A3F3A9937E1ED1D6 /* Inspiration */ = {
			isa = PBXGroup;
			children = (
				5E504F470302D80533488281 /* InspirationView.swift */,
			);
			path = Inspiration;
			sourceTree = "<group>";
		};
/* End PBXGroup section */

/* Begin PBXNativeTarget section */
		41365A33FC09EF6D728C067A /* WeddingApp */ = {
			isa = PBXNativeTarget;
			buildConfigurationList = FF87FA08A3A55DE3B51C113C /* Build configuration list for PBXNativeTarget "WeddingApp" */;
			buildPhases = (
				4257EC0EF4041951390962FC /* Sources */,
				7AA6B7184D18C8F69FBD8350 /* Resources */,
				D42C087F6B132276BF912A82 /* Frameworks */,
			);
			buildRules = (
			);
			dependencies = (
			);
			name = WeddingApp;
			packageProductDependencies = (
				C3386CA250B159ECD7F40B0E /* GoogleSignIn */,
			);
			productName = WeddingApp;
			productReference = 46D8AD39291CE696AD47C739 /* WeddingApp.app */;
			productType = "com.apple.product-type.application";
		};
/* End PBXNativeTarget section */

/* Begin PBXProject section */
		1DA7CD348065E91DD17ACE44 /* Project object */ = {
			isa = PBXProject;
			attributes = {
				BuildIndependentTargetsInParallel = YES;
				LastUpgradeCheck = 1430;
				TargetAttributes = {
					41365A33FC09EF6D728C067A = {
						DevelopmentTeam = LHH9LVRYVY;
						ProvisioningStyle = Automatic;
					};
				};
			};
			buildConfigurationList = 4A1D6840445C27FC755067CD /* Build configuration list for PBXProject "WeddingApp" */;
			developmentRegion = id;
			hasScannedForEncodings = 0;
			knownRegions = (
				Base,
				en,
				id,
			);
			mainGroup = 6DB1042BF417795125F2E18D;
			minimizedProjectReferenceProxies = 1;
			packageReferences = (
				F5D1EDB96ED356DD8750E029 /* XCRemoteSwiftPackageReference "GoogleSignIn-iOS" */,
			);
			preferredProjectObjectVersion = 77;
			productRefGroup = 5EC1B818A8B9F3F9B6E74C3F /* Products */;
			projectDirPath = "";
			projectRoot = "";
			targets = (
				41365A33FC09EF6D728C067A /* WeddingApp */,
			);
		};
/* End PBXProject section */

/* Begin PBXResourcesBuildPhase section */
		7AA6B7184D18C8F69FBD8350 /* Resources */ = {
			isa = PBXResourcesBuildPhase;
			buildActionMask = 2147483647;
			files = (
				6B4F02E9BACF09F01A80CB08 /* Assets.xcassets in Resources */,
				969666756A35079C4E8C30AA /* CormorantGaramond.ttf in Resources */,
				90A735AFE7FAEF924C2A4FE7 /* LaunchScreen.storyboard in Resources */,
				46673404CAC27EA6B10C2BBB /* Localizable.strings in Resources */,
				6097B6059B2D7441EE99E827 /* Poppins-Bold.ttf in Resources */,
				5E50C8E32B2CB4CE86A09ABC /* Poppins-Medium.ttf in Resources */,
				7AEBBFA8F4CAE02008531BF7 /* Poppins-Regular.ttf in Resources */,
				59FAA22B04A4EF49FC08B419 /* Poppins-SemiBold.ttf in Resources */,
				CF350FF80683674DAB34B691 /* PrivacyInfo.xcprivacy in Resources */,
				D16BCE36DA8550BE0CB7748A /* Products.storekit in Resources */,
				38BB5382F2839095386568E1 /* SairaStencilOne-Regular.ttf in Resources */,
			);
			runOnlyForDeploymentPostprocessing = 0;
		};
/* End PBXResourcesBuildPhase section */

/* Begin PBXSourcesBuildPhase section */
		4257EC0EF4041951390962FC /* Sources */ = {
			isa = PBXSourcesBuildPhase;
			buildActionMask = 2147483647;
			files = (
				DF3634BB65A1ADAAA3D6EE8B /* APIClient.swift in Sources */,
				697AA0B21EDA4EBBCA04D6BC /* APIConfig.swift in Sources */,
				38E761E75F2255260509BB9F /* APIError.swift in Sources */,
				9ED5DD10B6D67676CED00934 /* APIResolver.swift in Sources */,
				2C985EB7D28DF129C378F689 /* AboutContent.swift in Sources */,
				5A554BD552A1C9E63050AE57 /* AboutWeddingAppView.swift in Sources */,
				8A1159BAD811F529440B6319 /* ActiveSession.swift in Sources */,
				6CE28BD7F9022D00CF384D8C /* ActiveSessionsView.swift in Sources */,
				2FCA7E6B56B447540F51A43E /* AddExpenseView.swift in Sources */,
				E6243333B0A036BF384C0D7A /* AddPaymentMethodView.swift in Sources */,
				9733A9706BD6D0F6F2414921 /* AppFont.swift in Sources */,
				64A7219B76018E7201B3D0D0 /* AppPermissionsView.swift in Sources */,
				1D4FBFC8AF8D4B6698BE4439 /* AppPermissionsViewModel.swift in Sources */,
				56D7C034044589365761FC7F /* AppTheme.swift in Sources */,
				1CF37640D1ACD5D7A3F2082F /* AppearanceSettingsViews.swift in Sources */,
				90CA1E052C314E520C791A8F /* AppearanceStore.swift in Sources */,
				4D6445A35CF6A90A1CFC22A9 /* AppleSignInService.swift in Sources */,
				85F7C03FFFE9BBE22D9FE0DD /* AuthComponents.swift in Sources */,
				969E2065936958F281BA43AE /* AuthLoginReference.swift in Sources */,
				DC4656380A83A5877D1F07A7 /* BillingEntitlement.swift in Sources */,
				9D8E7C12D05E09DE0E67C21A /* BillingProduct.swift in Sources */,
				7ADFD36259486DC5C68AF535 /* BudgetCategoriesStore.swift in Sources */,
				8E8BD989EEDD88CB0F7BCE4D /* BudgetCategory.swift in Sources */,
				A8AD5EF64ADD889E91FDCA0B /* BudgetCategoryAllocation.swift in Sources */,
				4C84D79AC810B920F86F596E /* BudgetComponents.swift in Sources */,
				504640100EA6283D2381606B /* BudgetDefaults.swift in Sources */,
				1ACCC8F69A1F7FBB96166B5D /* BudgetPaymentCategory.swift in Sources */,
				91CC10CB78BBA17F0D2745A5 /* BudgetPaymentFlows.swift in Sources */,
				81A2D9B28855CE712FFAB1D9 /* BudgetView.swift in Sources */,
				E515E435A569F986D8655135 /* CategoryAllocationFlows.swift in Sources */,
				E6A7C39E57F99FB5658F78D4 /* ChangePasswordView.swift in Sources */,
				6844525DBF53D4CE326F5545 /* ChecklistSummary.swift in Sources */,
				DEFBA832267F8E79C8F8EF06 /* ChecklistView.swift in Sources */,
				212039ED3B73E5FAC3091964 /* CoupleAvatarImage.swift in Sources */,
				939B8E224FBFB7F8108B09B1 /* CoupleView.swift in Sources */,
				C9F489942CF04EE37C4CDD5B /* CultureSelection.swift in Sources */,
				C2FC5E2C66A805A40D5A77E1 /* CustomerNotification.swift in Sources */,
				23378BE8B8E41D3AC2AE8434 /* CustomerPaymentMethod.swift in Sources */,
				7183263BD10CBB6F4DD55E3F /* DashboardView.swift in Sources */,
				C83C8E4025E38542D6043758 /* DataExportView.swift in Sources */,
				4CE7D1A5AAE110C09C4B3759 /* DataExportViewModel.swift in Sources */,
				541003C14387559244E46E2C /* DataVisibilityView.swift in Sources */,
				871508C61B81317925A58F04 /* DataVisibilityViewModel.swift in Sources */,
				5A94199EAFEADBE76182E6B9 /* DateFormatters.swift in Sources */,
				2481D402E1F827BCB44B9EDD /* DeleteAccountView.swift in Sources */,
				26009046ABE9B4778E63875F /* DetailChecklistView.swift in Sources */,
				FDE916C6E1742284F6FC2714 /* DeviceIdentity.swift in Sources */,
				D7721D174673141D9314AE7C /* EditProfileView.swift in Sources */,
				1418F57E349E1313D8DDD346 /* Envelope.swift in Sources */,
				8ABDFBFB73F1C94BDA30B7ED /* EventListView.swift in Sources */,
				33C18E7B7352E5E1E59F845B /* FamilyMember.swift in Sources */,
				210E2BC5463F92A217DA3C74 /* GoogleSignInService.swift in Sources */,
				AB002054C6F0267D97E2DB53 /* Guest.swift in Sources */,
				C5DF0FBC6395881BE53D02C4 /* GuestContactLinker.swift in Sources */,
				C9929B468D6771780ECB521E /* GuestDetailSheet.swift in Sources */,
				68C741D98BC64CC27D2E6870 /* GuestExcelImportResult.swift in Sources */,
				777FF37D6C2B0A16AD05DA25 /* GuestExportShareView.swift in Sources */,
				2A29818E1E3C109B4B9067DD /* GuestView.swift in Sources */,
				B647604312E24F174AF13BC9 /* HelpCenterAPIView.swift in Sources */,
				05C5C3C0C53F41963A074DF6 /* HelpCenterViewModel.swift in Sources */,
				A00E5DE371043E12D3554F79 /* HelpContactViews.swift in Sources */,
				AB5C0AFC588259ADEE131F12 /* HelpContent.swift in Sources */,
				38F320E93AE9AB8B458882A6 /* HelpFAQView.swift in Sources */,
				2F39A82B786BD90CB0C27E6F /* HelpTopicArticlesView.swift in Sources */,
				D40372828EAD8C23C7A28DB0 /* IncomingPayment.swift in Sources */,
				326E45E67593920FD8F503B7 /* IncomingPaymentFlows.swift in Sources */,
				9F090550A10C3895927788E7 /* IndonesiaRegionsStore.swift in Sources */,
				5AA318B8DC038A02B5F473BB /* InfoTabView.swift in Sources */,
				10AB9FA04246BA92BF82D102 /* Inspiration.swift in Sources */,
				DD5A63251536426E75551075 /* InspirationView.swift in Sources */,
				E4A8CE18134DC529D97C428C /* KeychainStore.swift in Sources */,
				E68D56F469DF2C8A699EEC5F /* L10n.swift in Sources */,
				BB4633D1EB3FFAFF722558ED /* LanguageSettingsView.swift in Sources */,
				EB0492B4BD42CCAB193E7E3B /* LanguageStore.swift in Sources */,
				0F63226601D20CD93B451A01 /* LocalizationManager.swift in Sources */,
				2F19080C49864A870E99936F /* LoginView.swift in Sources */,
				C580E6ABB0C8110F1E29C3F6 /* LuxuryWeddingBackground.swift in Sources */,
				035AF906A60D5C648325037D /* Message.swift in Sources */,
				4FF19C60045AE14C45CB909E /* MessagesView.swift in Sources */,
				10305721DC9DA4661AB7985A /* MoreSubpageLayout.swift in Sources */,
				930E0BC7C68B50C5E0F52A95 /* MoreView.swift in Sources */,
				3568A6D235610963324830EA /* NotificationsSheet.swift in Sources */,
				20812FF6F08FAC741B0BDB5B /* OnboardingView.swift in Sources */,
				9853A72C9DD97BF33809FF8F /* PackageFacilitiesView.swift in Sources */,
				E407FF1D04680A373745866F /* PaymentSchedule.swift in Sources */,
				94D45A4AAC9F27B7F02BDE7A /* PaywallView.swift in Sources */,
				58B08EDABCD6B8DA5BDF3686 /* PremiumStore.swift in Sources */,
				A969A747AD436E4DE7BEF466 /* PreparationTask.swift in Sources */,
				0C749624F5BAC22F5A862D25 /* PrivacyAPIService.swift in Sources */,
				277BF04577A16A6613D98904 /* PrivacyModels.swift in Sources */,
				3D93AFCC9CAE24A21FDB70C4 /* PrivacyPolicyContent.swift in Sources */,
				5BF63053EE82881228F825A0 /* PrivacyPolicyView.swift in Sources */,
				8AF15BBD764E1DC0B8490BE6 /* PrivacyRepository.swift in Sources */,
				F892312E5FF478CEC0B87DFC /* PrivacySecurityView.swift in Sources */,
				58D504153CA49D953C4CBFE5 /* PrivacySecurityViewModel.swift in Sources */,
				1F2A7E48617B0F6473D64382 /* PushNotificationManager.swift in Sources */,
				3F3851214712298DD7E11642 /* RegisterView.swift in Sources */,
				2DAAF7CBF51DFBBCF7BD4CB1 /* RemindersPreferencesView.swift in Sources */,
				B12049ECAB9092D171AFBEED /* RootView.swift in Sources */,
				E1CBB44A85F8E5B90AE4060B /* SavedInspirationView.swift in Sources */,
				93F7CC45289D4A61A8F41B4A /* SavedItemsStore.swift in Sources */,
				901BBA272B9F947BA7939342 /* SavedVendorsView.swift in Sources */,
				09EFCEF31CBBEEBFCB4AF794 /* SecuritySummaryView.swift in Sources */,
				85066D7C482FBF24F94AD35E /* SessionStore.swift in Sources */,
				D86BEA58AF017CF10F06C9BA /* SettingsView.swift in Sources */,
				13ED095999A234CBCE07C755 /* SharedDirectoryView.swift in Sources */,
				5703C3DBE0F6066DDBF1352D /* SharedDirectoryViewModel.swift in Sources */,
				CBC2D1A061152FA6A8A42A83 /* SharedPrivacyAPIService.swift in Sources */,
				33E3C5CAA5934F2E9303FB8B /* SharedPrivacyModels.swift in Sources */,
				8A45C02E7BD5E4B15A26616A /* SharedPrivacyRepository.swift in Sources */,
				6371EEA5934F7DB22311F187 /* SharedUserDetailView.swift in Sources */,
				9B2E713BC327E9867778244E /* SharedUserDetailViewModel.swift in Sources */,
				9006D4118ED7872EF26354FC /* SplashScreenView.swift in Sources */,
				CF00DD9220D1443B58F0D379 /* StatusBarBlur.swift in Sources */,
				4B2334E360B905DA11715952 /* TermsOfServiceContent.swift in Sources */,
				411F9292C67B87EDB391B239 /* TermsOfServiceView.swift in Sources */,
				65ACC69D49DB8F1B9538E924 /* TrustedDevicesView.swift in Sources */,
				E54C730A79BA787EE16DB38D /* TrustedDevicesViewModel.swift in Sources */,
				238A285D7943C53619E6D3AC /* TwoFactorSettingsView.swift in Sources */,
				A36215D88F1FC15586E95775 /* TwoFactorViewModel.swift in Sources */,
				E268E61073CC3BD0BBABE273 /* User.swift in Sources */,
				1B8830B6DBF77584AF572B73 /* Vendor.swift in Sources */,
				2D521145F418FAAA549BC1CE /* VendorCategoriesStore.swift in Sources */,
				8F029C1BBBADF2050AA7169D /* VendorDetailView.swift in Sources */,
				0D71A393A1EC1B1A463747DD /* VendorFilterCatalog.swift in Sources */,
				E6D1138B5B9C76A2697C4EE4 /* VendorView.swift in Sources */,
				608A0FAC2042D5C5C88EAC28 /* VipGuest.swift in Sources */,
				934F5B80A83049FBD3BB5F56 /* WeddingAppApp.swift in Sources */,
				18B85273F3B08047F2F37E87 /* WeddingBudget.swift in Sources */,
				7CED7635877E4AD2D4C580F0 /* WeddingBudgetSummary.swift in Sources */,
				55A6539D0B16FB4A72ADD780 /* WeddingDetailEditView.swift in Sources */,
				2623B06B8BF9414B9AAB7A5B /* WeddingDetailView.swift in Sources */,
				0F8295A16A8A1C6802FBE062 /* WeddingDocument.swift in Sources */,
				5607E0BFE440775648110E19 /* WeddingDocumentsView.swift in Sources */,
				AD317EE1E0DD5B9BBBB301BD /* WeddingEvent.swift in Sources */,
				25AEAB62609A4939D23D93D0 /* WeddingInfo.swift in Sources */,
				BB264A2C6090E53167473204 /* WeddingQuote.swift in Sources */,
			);
			runOnlyForDeploymentPostprocessing = 0;
		};
/* End PBXSourcesBuildPhase section */

/* Begin PBXVariantGroup section */
		F7B50ECFE3508CAEEE63D515 /* Localizable.strings */ = {
			isa = PBXVariantGroup;
			children = (
				3698140C9D8281AB0DBA129E /* en */,
				C3B07CE434B89E9684802856 /* id */,
			);
			name = Localizable.strings;
			sourceTree = "<group>";
		};
/* End PBXVariantGroup section */

/* Begin XCBuildConfiguration section */
		2340D6BCBFA6C9BA77D865FC /* Debug */ = {
			isa = XCBuildConfiguration;
			buildSettings = {
				ASSETCATALOG_COMPILER_APPICON_NAME = AppIcon;
				CODE_SIGN_ENTITLEMENTS = WeddingApp.entitlements;
				CODE_SIGN_IDENTITY = "iPhone Developer";
				CODE_SIGN_STYLE = Automatic;
				CURRENT_PROJECT_VERSION = 1;
				DEVELOPMENT_TEAM = LHH9LVRYVY;
				"EXCLUDED_ARCHS[sdk=iphonesimulator*]" = i386;
				INFOPLIST_FILE = Generated/Info.plist;
				INFOPLIST_KEY_CFBundleDisplayName = "Wedding App";
				INFOPLIST_KEY_LSApplicationCategoryType = "public.app-category.lifestyle";
				INFOPLIST_KEY_NSAppTransportSecurity_NSAllowsLocalNetworking = YES;
				INFOPLIST_KEY_UILaunchStoryboardName = LaunchScreen;
				INFOPLIST_KEY_UISupportedInterfaceOrientations = "UIInterfaceOrientationPortrait UIInterfaceOrientationLandscapeLeft UIInterfaceOrientationLandscapeRight";
				IPHONEOS_DEPLOYMENT_TARGET = 17.0;
				LD_RUNPATH_SEARCH_PATHS = (
					"$(inherited)",
					"@executable_path/Frameworks",
				);
				MARKETING_VERSION = 1.0;
				ONLY_ACTIVE_ARCH = YES;
				PRODUCT_BUNDLE_IDENTIFIER = com.weddingapp.ios;
				SDKROOT = iphoneos;
				SUPPORTS_MACCATALYST = NO;
				SUPPORTS_MAC_DESIGNED_FOR_IPHONE_IPAD = NO;
				SUPPORTS_XR_DESIGNED_FOR_IPHONE_IPAD = NO;
				SWIFT_VERSION = 5.0;
				TARGETED_DEVICE_FAMILY = 1;
			};
			name = Debug;
		};
		452E5D520A8CE2C2F082DBD3 /* Release */ = {
			isa = XCBuildConfiguration;
			buildSettings = {
				ALWAYS_SEARCH_USER_PATHS = NO;
				ASSETCATALOG_COMPILER_GENERATE_SWIFT_ASSET_SYMBOL_EXTENSIONS = YES;
				CLANG_ANALYZER_NONNULL = YES;
				CLANG_ANALYZER_NUMBER_OBJECT_CONVERSION = YES_AGGRESSIVE;
				CLANG_CXX_LANGUAGE_STANDARD = "gnu++14";
				CLANG_CXX_LIBRARY = "libc++";
				CLANG_ENABLE_MODULES = YES;
				CLANG_ENABLE_OBJC_ARC = YES;
				CLANG_ENABLE_OBJC_WEAK = YES;
				CLANG_WARN_BLOCK_CAPTURE_AUTORELEASING = YES;
				CLANG_WARN_BOOL_CONVERSION = YES;
				CLANG_WARN_COMMA = YES;
				CLANG_WARN_CONSTANT_CONVERSION = YES;
				CLANG_WARN_DEPRECATED_OBJC_IMPLEMENTATIONS = YES;
				CLANG_WARN_DIRECT_OBJC_ISA_USAGE = YES_ERROR;
				CLANG_WARN_DOCUMENTATION_COMMENTS = YES;
				CLANG_WARN_EMPTY_BODY = YES;
				CLANG_WARN_ENUM_CONVERSION = YES;
				CLANG_WARN_INFINITE_RECURSION = YES;
				CLANG_WARN_INT_CONVERSION = YES;
				CLANG_WARN_NON_LITERAL_NULL_CONVERSION = YES;
				CLANG_WARN_OBJC_IMPLICIT_RETAIN_SELF = YES;
				CLANG_WARN_OBJC_LITERAL_CONVERSION = YES;
				CLANG_WARN_OBJC_ROOT_CLASS = YES_ERROR;
				CLANG_WARN_QUOTED_INCLUDE_IN_FRAMEWORK_HEADER = YES;
				CLANG_WARN_RANGE_LOOP_ANALYSIS = YES;
				CLANG_WARN_STRICT_PROTOTYPES = YES;
				CLANG_WARN_SUSPICIOUS_MOVE = YES;
				CLANG_WARN_UNGUARDED_AVAILABILITY = YES_AGGRESSIVE;
				CLANG_WARN_UNREACHABLE_CODE = YES;
				CLANG_WARN__DUPLICATE_METHOD_MATCH = YES;
				COPY_PHASE_STRIP = NO;
				DEBUG_INFORMATION_FORMAT = "dwarf-with-dsym";
				DEVELOPMENT_TEAM = LHH9LVRYVY;
				ENABLE_NS_ASSERTIONS = NO;
				ENABLE_STRICT_OBJC_MSGSEND = YES;
				ENABLE_USER_SCRIPT_SANDBOXING = YES;
				GCC_C_LANGUAGE_STANDARD = gnu11;
				GCC_NO_COMMON_BLOCKS = YES;
				GCC_WARN_64_TO_32_BIT_CONVERSION = YES;
				GCC_WARN_ABOUT_RETURN_TYPE = YES_ERROR;
				GCC_WARN_UNDECLARED_SELECTOR = YES;
				GCC_WARN_UNINITIALIZED_AUTOS = YES_AGGRESSIVE;
				GCC_WARN_UNUSED_FUNCTION = YES;
				GCC_WARN_UNUSED_VARIABLE = YES;
				IPHONEOS_DEPLOYMENT_TARGET = 17.0;
				MTL_ENABLE_DEBUG_INFO = NO;
				MTL_FAST_MATH = YES;
				PRODUCT_NAME = "$(TARGET_NAME)";
				SDKROOT = iphoneos;
				SWIFT_COMPILATION_MODE = wholemodule;
				SWIFT_OPTIMIZATION_LEVEL = "-O";
				SWIFT_VERSION = 5.0;
			};
			name = Release;
		};
		4D4D5E10846108ACDFCF8455 /* Release */ = {
			isa = XCBuildConfiguration;
			buildSettings = {
				ASSETCATALOG_COMPILER_APPICON_NAME = AppIcon;
				CODE_SIGN_ENTITLEMENTS = WeddingApp.entitlements;
				CODE_SIGN_IDENTITY = "iPhone Developer";
				CODE_SIGN_STYLE = Automatic;
				CURRENT_PROJECT_VERSION = 1;
				DEVELOPMENT_TEAM = LHH9LVRYVY;
				"EXCLUDED_ARCHS[sdk=iphonesimulator*]" = i386;
				INFOPLIST_FILE = Generated/Info.plist;
				INFOPLIST_KEY_CFBundleDisplayName = "Wedding App";
				INFOPLIST_KEY_LSApplicationCategoryType = "public.app-category.lifestyle";
				INFOPLIST_KEY_NSAppTransportSecurity_NSAllowsArbitraryLoads = NO;
				INFOPLIST_KEY_UILaunchStoryboardName = LaunchScreen;
				INFOPLIST_KEY_UISupportedInterfaceOrientations = "UIInterfaceOrientationPortrait UIInterfaceOrientationLandscapeLeft UIInterfaceOrientationLandscapeRight";
				IPHONEOS_DEPLOYMENT_TARGET = 17.0;
				LD_RUNPATH_SEARCH_PATHS = (
					"$(inherited)",
					"@executable_path/Frameworks",
				);
				MARKETING_VERSION = 1.0;
				ONLY_ACTIVE_ARCH = YES;
				PRODUCT_BUNDLE_IDENTIFIER = com.weddingapp.ios;
				SDKROOT = iphoneos;
				SUPPORTS_MACCATALYST = NO;
				SUPPORTS_MAC_DESIGNED_FOR_IPHONE_IPAD = NO;
				SUPPORTS_XR_DESIGNED_FOR_IPHONE_IPAD = NO;
				SWIFT_VERSION = 5.0;
				TARGETED_DEVICE_FAMILY = 1;
			};
			name = Release;
		};
		8EDE7F2A54EC8A057364FBD2 /* Debug */ = {
			isa = XCBuildConfiguration;
			buildSettings = {
				ALWAYS_SEARCH_USER_PATHS = NO;
				ASSETCATALOG_COMPILER_GENERATE_SWIFT_ASSET_SYMBOL_EXTENSIONS = YES;
				CLANG_ANALYZER_NONNULL = YES;
				CLANG_ANALYZER_NUMBER_OBJECT_CONVERSION = YES_AGGRESSIVE;
				CLANG_CXX_LANGUAGE_STANDARD = "gnu++14";
				CLANG_CXX_LIBRARY = "libc++";
				CLANG_ENABLE_MODULES = YES;
				CLANG_ENABLE_OBJC_ARC = YES;
				CLANG_ENABLE_OBJC_WEAK = YES;
				CLANG_WARN_BLOCK_CAPTURE_AUTORELEASING = YES;
				CLANG_WARN_BOOL_CONVERSION = YES;
				CLANG_WARN_COMMA = YES;
				CLANG_WARN_CONSTANT_CONVERSION = YES;
				CLANG_WARN_DEPRECATED_OBJC_IMPLEMENTATIONS = YES;
				CLANG_WARN_DIRECT_OBJC_ISA_USAGE = YES_ERROR;
				CLANG_WARN_DOCUMENTATION_COMMENTS = YES;
				CLANG_WARN_EMPTY_BODY = YES;
				CLANG_WARN_ENUM_CONVERSION = YES;
				CLANG_WARN_INFINITE_RECURSION = YES;
				CLANG_WARN_INT_CONVERSION = YES;
				CLANG_WARN_NON_LITERAL_NULL_CONVERSION = YES;
				CLANG_WARN_OBJC_IMPLICIT_RETAIN_SELF = YES;
				CLANG_WARN_OBJC_LITERAL_CONVERSION = YES;
				CLANG_WARN_OBJC_ROOT_CLASS = YES_ERROR;
				CLANG_WARN_QUOTED_INCLUDE_IN_FRAMEWORK_HEADER = YES;
				CLANG_WARN_RANGE_LOOP_ANALYSIS = YES;
				CLANG_WARN_STRICT_PROTOTYPES = YES;
				CLANG_WARN_SUSPICIOUS_MOVE = YES;
				CLANG_WARN_UNGUARDED_AVAILABILITY = YES_AGGRESSIVE;
				CLANG_WARN_UNREACHABLE_CODE = YES;
				CLANG_WARN__DUPLICATE_METHOD_MATCH = YES;
				COPY_PHASE_STRIP = NO;
				DEBUG_INFORMATION_FORMAT = dwarf;
				DEVELOPMENT_TEAM = LHH9LVRYVY;
				ENABLE_STRICT_OBJC_MSGSEND = YES;
				ENABLE_TESTABILITY = YES;
				ENABLE_USER_SCRIPT_SANDBOXING = YES;
				GCC_C_LANGUAGE_STANDARD = gnu11;
				GCC_DYNAMIC_NO_PIC = NO;
				GCC_NO_COMMON_BLOCKS = YES;
				GCC_OPTIMIZATION_LEVEL = 0;
				GCC_PREPROCESSOR_DEFINITIONS = (
					"$(inherited)",
					"DEBUG=1",
				);
				GCC_WARN_64_TO_32_BIT_CONVERSION = YES;
				GCC_WARN_ABOUT_RETURN_TYPE = YES_ERROR;
				GCC_WARN_UNDECLARED_SELECTOR = YES;
				GCC_WARN_UNINITIALIZED_AUTOS = YES_AGGRESSIVE;
				GCC_WARN_UNUSED_FUNCTION = YES;
				GCC_WARN_UNUSED_VARIABLE = YES;
				IPHONEOS_DEPLOYMENT_TARGET = 17.0;
				MTL_ENABLE_DEBUG_INFO = INCLUDE_SOURCE;
				MTL_FAST_MATH = YES;
				ONLY_ACTIVE_ARCH = YES;
				PRODUCT_NAME = "$(TARGET_NAME)";
				SDKROOT = iphoneos;
				SWIFT_ACTIVE_COMPILATION_CONDITIONS = DEBUG;
				SWIFT_OPTIMIZATION_LEVEL = "-Onone";
				SWIFT_VERSION = 5.0;
			};
			name = Debug;
		};
/* End XCBuildConfiguration section */

/* Begin XCConfigurationList section */
		4A1D6840445C27FC755067CD /* Build configuration list for PBXProject "WeddingApp" */ = {
			isa = XCConfigurationList;
			buildConfigurations = (
				8EDE7F2A54EC8A057364FBD2 /* Debug */,
				452E5D520A8CE2C2F082DBD3 /* Release */,
			);
			defaultConfigurationIsVisible = 0;
			defaultConfigurationName = Debug;
		};
		FF87FA08A3A55DE3B51C113C /* Build configuration list for PBXNativeTarget "WeddingApp" */ = {
			isa = XCConfigurationList;
			buildConfigurations = (
				2340D6BCBFA6C9BA77D865FC /* Debug */,
				4D4D5E10846108ACDFCF8455 /* Release */,
			);
			defaultConfigurationIsVisible = 0;
			defaultConfigurationName = Debug;
		};
/* End XCConfigurationList section */

/* Begin XCRemoteSwiftPackageReference section */
		F5D1EDB96ED356DD8750E029 /* XCRemoteSwiftPackageReference "GoogleSignIn-iOS" */ = {
			isa = XCRemoteSwiftPackageReference;
			repositoryURL = "https://github.com/google/GoogleSignIn-iOS";
			requirement = {
				kind = upToNextMajorVersion;
				minimumVersion = 8.0.0;
			};
		};
/* End XCRemoteSwiftPackageReference section */

/* Begin XCSwiftPackageProductDependency section */
		C3386CA250B159ECD7F40B0E /* GoogleSignIn */ = {
			isa = XCSwiftPackageProductDependency;
			package = F5D1EDB96ED356DD8750E029 /* XCRemoteSwiftPackageReference "GoogleSignIn-iOS" */;
			productName = GoogleSignIn;
		};
/* End XCSwiftPackageProductDependency section */
	};
	rootObject = 1DA7CD348065E91DD17ACE44 /* Project object */;
}
